// !$*UTF8*$!
{
	archiveVersion = 1;
	classes = {
	};
	objectVersion = 56;
	objects = {

/* Begin PBXBuildFile section */
		BA4C42ED90984F1BADBD156E /* in Sources */ = {isa = PBXBuildFile; fileRef = 0C22252C878F4326A50B609A /* ContentView.swift */; };
		618691709C6C47EF9E67F56B /* in Sources */ = {isa = PBXBuildFile; fileRef = F38E42E969AF4141AF1D3876 /* orgNIZWEApp.swift */; };
		F0ED3A5F78664241B6818141 /* in Sources */ = {isa = PBXBuildFile; fileRef = 2EF7BB8FC3CD42D593E11C13 /* AddTaskIntent.swift */; };
		5FD2AD293B024B05AAE5E2A3 /* in Sources */ = {isa = PBXBuildFile; fileRef = E1944B894A8A4AAD9E1C83A9 /* EventItem.swift */; };
		84F421F6E8F3407FB204B565 /* in Sources */ = {isa = PBXBuildFile; fileRef = 730B89464E3342F6ACB3EDB0 /* Habit.swift */; };
		D5424442EC1D48FB81A8CF0E /* in Sources */ = {isa = PBXBuildFile; fileRef = 8CC374F51BB1496D990FBEB5 /* LifeItem.swift */; };
		6DA4B5CD875345CBA73B7568 /* in Sources */ = {isa = PBXBuildFile; fileRef = F983B867D2F44033BC468025 /* NoteItem.swift */; };
		E246024D500149E2AB45F005 /* in Sources */ = {isa = PBXBuildFile; fileRef = 5DA7E31B06434431B6B71BA9 /* ReminderItem.swift */; };
		DB409C132AC1496F86183B19 /* in Sources */ = {isa = PBXBuildFile; fileRef = 23BB9F3BE58C42F1B6B06A2A /* ShoppingList.swift */; };
		D84658C536364301AA6587AC /* in Sources */ = {isa = PBXBuildFile; fileRef = DFCAFBCBB9404ACEB86D45E2 /* TaskItem.swift */; };
		7C25977CFE734B4E8A472107 /* in Sources */ = {isa = PBXBuildFile; fileRef = 87DCE80DBB8B4C2E8AF1A52E /* UserPreferences.swift */; };
		31BF7DAB92FA416B97BFFF68 /* in Sources */ = {isa = PBXBuildFile; fileRef = DCF8239FBFDB4BBF9288FB75 /* AIService.swift */; };
		18F1C5D8DD7E4473858D65AA /* in Sources */ = {isa = PBXBuildFile; fileRef = A56AA03F4D16468891221776 /* EventKitService.swift */; };
		2C8825C9A2234713A5E1A3BF /* in Sources */ = {isa = PBXBuildFile; fileRef = C31B1310D7434EFE8484C80C /* HapticService.swift */; };
		7EA08FD305EE4CCF937F3CD2 /* in Sources */ = {isa = PBXBuildFile; fileRef = 21F50DD2804A44E9AAD9392D /* HealthKitService.swift */; };
		2A42714F6D84450D85B7085A /* in Sources */ = {isa = PBXBuildFile; fileRef = 7D9B42F1C9724FF58EAB409C /* NotificationService.swift */; };
		5CE88621CD104A47AFB6F210 /* in Sources */ = {isa = PBXBuildFile; fileRef = 703CA997BCF449AFAE289EE3 /* AIAssistantViewModel.swift */; };
		04590049445B4918A8C7E526 /* in Sources */ = {isa = PBXBuildFile; fileRef = D6764703AE9A43419C72C78A /* CalendarViewModel.swift */; };
		C52D52D2CC8747E5918BD4DB /* in Sources */ = {isa = PBXBuildFile; fileRef = 84D35CB02C11417B915380F9 /* HabitsViewModel.swift */; };
		6CCDC944534249C8BC8BC1C3 /* in Sources */ = {isa = PBXBuildFile; fileRef = 0A3FDE5B0FD44461BD442943 /* ShoppingViewModel.swift */; };
		BADDBBE1C56B4686BA2532F1 /* in Sources */ = {isa = PBXBuildFile; fileRef = EA11978799BF4F64AB32AB3C /* TasksViewModel.swift */; };
		15A56F63720F461F97CF1CCB /* in Sources */ = {isa = PBXBuildFile; fileRef = 3A4EF7184F6F433184A960A8 /* TodayViewModel.swift */; };
		02514EFAB37840D094C4DEA4 /* in Sources */ = {isa = PBXBuildFile; fileRef = F12379E474804128A20B8334 /* AIAssistantView.swift */; };
		092CCAA9F1E3439E884B737B /* in Sources */ = {isa = PBXBuildFile; fileRef = B1D35B0C48FE485197625B1C /* CalendarView.swift */; };
		86E159F4646F4D0B93838014 /* in Sources */ = {isa = PBXBuildFile; fileRef = CD81617CDB964B94836D9469 /* EventEditView.swift */; };
		2B10D42EE9B64D18825B2A0C /* in Sources */ = {isa = PBXBuildFile; fileRef = F0B1DC6D37634260991F0F7A /* QuickAddView.swift */; };
		316134C313D941E78F7CEF03 /* in Sources */ = {isa = PBXBuildFile; fileRef = 5E92D50B61554644AED8961F /* HabitEditView.swift */; };
		518081F6249C49B382A41C93 /* in Sources */ = {isa = PBXBuildFile; fileRef = 08B796FCC27542699439CD0D /* HabitsView.swift */; };
		3F885C0248544DABB0B31480 /* in Sources */ = {isa = PBXBuildFile; fileRef = AC09E3AF201341BBBE581C6E /* OnboardingView.swift */; };
		EE6DF928707A411598F16C17 /* in Sources */ = {isa = PBXBuildFile; fileRef = 875EDBDE75334508B9979090 /* LifeCategoryDetailView.swift */; };
		AE9D9FAACF414203A2089032 /* in Sources */ = {isa = PBXBuildFile; fileRef = C3025EDD59F446C5BD696B9E /* LifeItemEditView.swift */; };
		686D42525CF84271B77C8483 /* in Sources */ = {isa = PBXBuildFile; fileRef = 69BFE5D1541942BA8A4F808F /* OrganizationView.swift */; };
		B026356805A2456F988B7FFB /* in Sources */ = {isa = PBXBuildFile; fileRef = 0D4BD22428A547ACBB08A68A /* AISettingsView.swift */; };
		EA086ECD96FC4D919B20C99B /* in Sources */ = {isa = PBXBuildFile; fileRef = BF65F9C836DD4FC28F24DC17 /* FavoriteCategoriesView.swift */; };
		671F36E170C5432EBF0412CE /* in Sources */ = {isa = PBXBuildFile; fileRef = 5117F1172C8D41D897988819 /* ModuleOrderView.swift */; };
		62847CC9A3404740A4F0663E /* in Sources */ = {isa = PBXBuildFile; fileRef = 531102AA62D9413483E3FFA6 /* ProfileView.swift */; };
		09F2FFC3C6A946D9B8550237 /* in Sources */ = {isa = PBXBuildFile; fileRef = 132F39AA096C4500959D366E /* ShoppingListDetailView.swift */; };
		E0C504F1BFA0443F90704058 /* in Sources */ = {isa = PBXBuildFile; fileRef = 49F706C7B33F48819A9DE097 /* ShoppingListEditView.swift */; };
		A2B67464B33745B08EDAC7B1 /* in Sources */ = {isa = PBXBuildFile; fileRef = B605EE2932A742ACA9F641B4 /* ShoppingView.swift */; };
		9E95CE2791B14E07A3EE503F /* in Sources */ = {isa = PBXBuildFile; fileRef = 5A1859E26ECB4A7F977F69A9 /* TaskEditView.swift */; };
		92710BC998D94503A6B28CDE /* in Sources */ = {isa = PBXBuildFile; fileRef = BFEE1D28A55B46E0B819FE2C /* TasksView.swift */; };
		30C2871B20D147FDAE41DB12 /* in Sources */ = {isa = PBXBuildFile; fileRef = 9600BA118B444A9C9149BBD3 /* NextEventSection.swift */; };
		CFE4D5B4FDA4405FBE64971B /* in Sources */ = {isa = PBXBuildFile; fileRef = 131DD2D081A741369B5C8EF5 /* QuickActionsSection.swift */; };
		22F1261DC392472F9EB230F2 /* in Sources */ = {isa = PBXBuildFile; fileRef = 99FE9017C5EC45769256E03E /* TodayHabitsSection.swift */; };
		CEDD4FF8649C435D8A46F7ED /* in Sources */ = {isa = PBXBuildFile; fileRef = 09E356B613FD47D19E056A02 /* TodayRemindersSection.swift */; };
		BC1ED210820A4882B07AB90F /* in Sources */ = {isa = PBXBuildFile; fileRef = 53CFBDEC9AD54B7398410732 /* TodayView.swift */; };
		05C9120E046E44E880C127EA /* in Sources */ = {isa = PBXBuildFile; fileRef = FEEF0D605A7F46A6A33F40F0 /* TopTasksSection.swift */; };
		FDF486A73ECC4F83BBC90C09 /* in Sources */ = {isa = PBXBuildFile; fileRef = E76D24A29DEA4AB584D0397D /* HabitsWidget.swift */; };
		400C936B3D91428BB4AAF8EB /* in Sources */ = {isa = PBXBuildFile; fileRef = E6292E403F3147D0B802E276 /* NextEventWidget.swift */; };
		2515F1C38EF1429CA79ABD8E /* in Sources */ = {isa = PBXBuildFile; fileRef = 3C47DE22523C414B9CB8D4FC /* TodayWidget.swift */; };
		AB9D06F1B31541C7B62E2493 /* in Sources */ = {isa = PBXBuildFile; fileRef = 4AF395C2D11146A7BD1042DB /* TopTasksWidget.swift */; };
		56090197D0874B21BC1D428A /* in Sources */ = {isa = PBXBuildFile; fileRef = E876F2B11D1E45E1B1BF973E /* WidgetModels.swift */; };
		E2D9060E186543D68D2B9222 /* in Sources */ = {isa = PBXBuildFile; fileRef = B543900F50FD4029ABAEDC57 /* WidgetProvider.swift */; };
		ACDBA0182A1E41139FD8EBA8 /* in Sources */ = {isa = PBXBuildFile; fileRef = 9CC4C22B46CD4307AD768A01 /* orgNIZWEWidgetsBundle.swift */; };
/* End PBXBuildFile section */

/* Begin PBXFileReference section */
		0C22252C878F4326A50B609A /* ContentView.swift */ = {isa = PBXFileReference; lastKnownFileType = sourcecode.swift; path = "orgNIZWE/ContentView.swift"; sourceTree = "<group>"; };
		F38E42E969AF4141AF1D3876 /* orgNIZWEApp.swift */ = {isa = PBXFileReference; lastKnownFileType = sourcecode.swift; path = "orgNIZWE/orgNIZWEApp.swift"; sourceTree = "<group>"; };
		2EF7BB8FC3CD42D593E11C13 /* AddTaskIntent.swift */ = {isa = PBXFileReference; lastKnownFileType = sourcecode.swift; path = "orgNIZWE/AppIntents/AddTaskIntent.swift"; sourceTree = "<group>"; };
		E1944B894A8A4AAD9E1C83A9 /* EventItem.swift */ = {isa = PBXFileReference; lastKnownFileType = sourcecode.swift; path = "orgNIZWE/Models/EventItem.swift"; sourceTree = "<group>"; };
		730B89464E3342F6ACB3EDB0 /* Habit.swift */ = {isa = PBXFileReference; lastKnownFileType = sourcecode.swift; path = "orgNIZWE/Models/Habit.swift"; sourceTree = "<group>"; };
		8CC374F51BB1496D990FBEB5 /* LifeItem.swift */ = {isa = PBXFileReference; lastKnownFileType = sourcecode.swift; path = "orgNIZWE/Models/LifeItem.swift"; sourceTree = "<group>"; };
		F983B867D2F44033BC468025 /* NoteItem.swift */ = {isa = PBXFileReference; lastKnownFileType = sourcecode.swift; path = "orgNIZWE/Models/NoteItem.swift"; sourceTree = "<group>"; };
		5DA7E31B06434431B6B71BA9 /* ReminderItem.swift */ = {isa = PBXFileReference; lastKnownFileType = sourcecode.swift; path = "orgNIZWE/Models/ReminderItem.swift"; sourceTree = "<group>"; };
		23BB9F3BE58C42F1B6B06A2A /* ShoppingList.swift */ = {isa = PBXFileReference; lastKnownFileType = sourcecode.swift; path = "orgNIZWE/Models/ShoppingList.swift"; sourceTree = "<group>"; };
		DFCAFBCBB9404ACEB86D45E2 /* TaskItem.swift */ = {isa = PBXFileReference; lastKnownFileType = sourcecode.swift; path = "orgNIZWE/Models/TaskItem.swift"; sourceTree = "<group>"; };
		87DCE80DBB8B4C2E8AF1A52E /* UserPreferences.swift */ = {isa = PBXFileReference; lastKnownFileType = sourcecode.swift; path = "orgNIZWE/Models/UserPreferences.swift"; sourceTree = "<group>"; };
		DCF8239FBFDB4BBF9288FB75 /* AIService.swift */ = {isa = PBXFileReference; lastKnownFileType = sourcecode.swift; path = "orgNIZWE/Services/AIService.swift"; sourceTree = "<group>"; };
		A56AA03F4D16468891221776 /* EventKitService.swift */ = {isa = PBXFileReference; lastKnownFileType = sourcecode.swift; path = "orgNIZWE/Services/EventKitService.swift"; sourceTree = "<group>"; };
		C31B1310D7434EFE8484C80C /* HapticService.swift */ = {isa = PBXFileReference; lastKnownFileType = sourcecode.swift; path = "orgNIZWE/Services/HapticService.swift"; sourceTree = "<group>"; };
		21F50DD2804A44E9AAD9392D /* HealthKitService.swift */ = {isa = PBXFileReference; lastKnownFileType = sourcecode.swift; path = "orgNIZWE/Services/HealthKitService.swift"; sourceTree = "<group>"; };
		7D9B42F1C9724FF58EAB409C /* NotificationService.swift */ = {isa = PBXFileReference; lastKnownFileType = sourcecode.swift; path = "orgNIZWE/Services/NotificationService.swift"; sourceTree = "<group>"; };
		703CA997BCF449AFAE289EE3 /* AIAssistantViewModel.swift */ = {isa = PBXFileReference; lastKnownFileType = sourcecode.swift; path = "orgNIZWE/ViewModels/AIAssistantViewModel.swift"; sourceTree = "<group>"; };
		D6764703AE9A43419C72C78A /* CalendarViewModel.swift */ = {isa = PBXFileReference; lastKnownFileType = sourcecode.swift; path = "orgNIZWE/ViewModels/CalendarViewModel.swift"; sourceTree = "<group>"; };
		84D35CB02C11417B915380F9 /* HabitsViewModel.swift */ = {isa = PBXFileReference; lastKnownFileType = sourcecode.swift; path = "orgNIZWE/ViewModels/HabitsViewModel.swift"; sourceTree = "<group>"; };
		0A3FDE5B0FD44461BD442943 /* ShoppingViewModel.swift */ = {isa = PBXFileReference; lastKnownFileType = sourcecode.swift; path = "orgNIZWE/ViewModels/ShoppingViewModel.swift"; sourceTree = "<group>"; };
		EA11978799BF4F64AB32AB3C /* TasksViewModel.swift */ = {isa = PBXFileReference; lastKnownFileType = sourcecode.swift; path = "orgNIZWE/ViewModels/TasksViewModel.swift"; sourceTree = "<group>"; };
		3A4EF7184F6F433184A960A8 /* TodayViewModel.swift */ = {isa = PBXFileReference; lastKnownFileType = sourcecode.swift; path = "orgNIZWE/ViewModels/TodayViewModel.swift"; sourceTree = "<group>"; };
		F12379E474804128A20B8334 /* AIAssistantView.swift */ = {isa = PBXFileReference; lastKnownFileType = sourcecode.swift; path = "orgNIZWE/Views/AI/AIAssistantView.swift"; sourceTree = "<group>"; };
		B1D35B0C48FE485197625B1C /* CalendarView.swift */ = {isa = PBXFileReference; lastKnownFileType = sourcecode.swift; path = "orgNIZWE/Views/Calendar/CalendarView.swift"; sourceTree = "<group>"; };
		CD81617CDB964B94836D9469 /* EventEditView.swift */ = {isa = PBXFileReference; lastKnownFileType = sourcecode.swift; path = "orgNIZWE/Views/Calendar/EventEditView.swift"; sourceTree = "<group>"; };
		F0B1DC6D37634260991F0F7A /* QuickAddView.swift */ = {isa = PBXFileReference; lastKnownFileType = sourcecode.swift; path = "orgNIZWE/Views/Common/QuickAddView.swift"; sourceTree = "<group>"; };
		5E92D50B61554644AED8961F /* HabitEditView.swift */ = {isa = PBXFileReference; lastKnownFileType = sourcecode.swift; path = "orgNIZWE/Views/Habits/HabitEditView.swift"; sourceTree = "<group>"; };
		08B796FCC27542699439CD0D /* HabitsView.swift */ = {isa = PBXFileReference; lastKnownFileType = sourcecode.swift; path = "orgNIZWE/Views/Habits/HabitsView.swift"; sourceTree = "<group>"; };
		AC09E3AF201341BBBE581C6E /* OnboardingView.swift */ = {isa = PBXFileReference; lastKnownFileType = sourcecode.swift; path = "orgNIZWE/Views/Onboarding/OnboardingView.swift"; sourceTree = "<group>"; };
		875EDBDE75334508B9979090 /* LifeCategoryDetailView.swift */ = {isa = PBXFileReference; lastKnownFileType = sourcecode.swift; path = "orgNIZWE/Views/Organization/LifeCategoryDetailView.swift"; sourceTree = "<group>"; };
		C3025EDD59F446C5BD696B9E /* LifeItemEditView.swift */ = {isa = PBXFileReference; lastKnownFileType = sourcecode.swift; path = "orgNIZWE/Views/Organization/LifeItemEditView.swift"; sourceTree = "<group>"; };
		69BFE5D1541942BA8A4F808F /* OrganizationView.swift */ = {isa = PBXFileReference; lastKnownFileType = sourcecode.swift; path = "orgNIZWE/Views/Organization/OrganizationView.swift"; sourceTree = "<group>"; };
		0D4BD22428A547ACBB08A68A /* AISettingsView.swift */ = {isa = PBXFileReference; lastKnownFileType = sourcecode.swift; path = "orgNIZWE/Views/Profile/AISettingsView.swift"; sourceTree = "<group>"; };
		BF65F9C836DD4FC28F24DC17 /* FavoriteCategoriesView.swift */ = {isa = PBXFileReference; lastKnownFileType = sourcecode.swift; path = "orgNIZWE/Views/Profile/FavoriteCategoriesView.swift"; sourceTree = "<group>"; };
		5117F1172C8D41D897988819 /* ModuleOrderView.swift */ = {isa = PBXFileReference; lastKnownFileType = sourcecode.swift; path = "orgNIZWE/Views/Profile/ModuleOrderView.swift"; sourceTree = "<group>"; };
		531102AA62D9413483E3FFA6 /* ProfileView.swift */ = {isa = PBXFileReference; lastKnownFileType = sourcecode.swift; path = "orgNIZWE/Views/Profile/ProfileView.swift"; sourceTree = "<group>"; };
		132F39AA096C4500959D366E /* ShoppingListDetailView.swift */ = {isa = PBXFileReference; lastKnownFileType = sourcecode.swift; path = "orgNIZWE/Views/Shopping/ShoppingListDetailView.swift"; sourceTree = "<group>"; };
		49F706C7B33F48819A9DE097 /* ShoppingListEditView.swift */ = {isa = PBXFileReference; lastKnownFileType = sourcecode.swift; path = "orgNIZWE/Views/Shopping/ShoppingListEditView.swift"; sourceTree = "<group>"; };
		B605EE2932A742ACA9F641B4 /* ShoppingView.swift */ = {isa = PBXFileReference; lastKnownFileType = sourcecode.swift; path = "orgNIZWE/Views/Shopping/ShoppingView.swift"; sourceTree = "<group>"; };
		5A1859E26ECB4A7F977F69A9 /* TaskEditView.swift */ = {isa = PBXFileReference; lastKnownFileType = sourcecode.swift; path = "orgNIZWE/Views/Tasks/TaskEditView.swift"; sourceTree = "<group>"; };
		BFEE1D28A55B46E0B819FE2C /* TasksView.swift */ = {isa = PBXFileReference; lastKnownFileType = sourcecode.swift; path = "orgNIZWE/Views/Tasks/TasksView.swift"; sourceTree = "<group>"; };
		9600BA118B444A9C9149BBD3 /* NextEventSection.swift */ = {isa = PBXFileReference; lastKnownFileType = sourcecode.swift; path = "orgNIZWE/Views/Today/NextEventSection.swift"; sourceTree = "<group>"; };
		131DD2D081A741369B5C8EF5 /* QuickActionsSection.swift */ = {isa = PBXFileReference; lastKnownFileType = sourcecode.swift; path = "orgNIZWE/Views/Today/QuickActionsSection.swift"; sourceTree = "<group>"; };
		99FE9017C5EC45769256E03E /* TodayHabitsSection.swift */ = {isa = PBXFileReference; lastKnownFileType = sourcecode.swift; path = "orgNIZWE/Views/Today/TodayHabitsSection.swift"; sourceTree = "<group>"; };
		09E356B613FD47D19E056A02 /* TodayRemindersSection.swift */ = {isa = PBXFileReference; lastKnownFileType = sourcecode.swift; path = "orgNIZWE/Views/Today/TodayRemindersSection.swift"; sourceTree = "<group>"; };
		53CFBDEC9AD54B7398410732 /* TodayView.swift */ = {isa = PBXFileReference; lastKnownFileType = sourcecode.swift; path = "orgNIZWE/Views/Today/TodayView.swift"; sourceTree = "<group>"; };
		FEEF0D605A7F46A6A33F40F0 /* TopTasksSection.swift */ = {isa = PBXFileReference; lastKnownFileType = sourcecode.swift; path = "orgNIZWE/Views/Today/TopTasksSection.swift"; sourceTree = "<group>"; };
		E76D24A29DEA4AB584D0397D /* HabitsWidget.swift */ = {isa = PBXFileReference; lastKnownFileType = sourcecode.swift; path = "orgNIZWEWidgets/HabitsWidget.swift"; sourceTree = "<group>"; };
		E6292E403F3147D0B802E276 /* NextEventWidget.swift */ = {isa = PBXFileReference; lastKnownFileType = sourcecode.swift; path = "orgNIZWEWidgets/NextEventWidget.swift"; sourceTree = "<group>"; };
		3C47DE22523C414B9CB8D4FC /* TodayWidget.swift */ = {isa = PBXFileReference; lastKnownFileType = sourcecode.swift; path = "orgNIZWEWidgets/TodayWidget.swift"; sourceTree = "<group>"; };
		4AF395C2D11146A7BD1042DB /* TopTasksWidget.swift */ = {isa = PBXFileReference; lastKnownFileType = sourcecode.swift; path = "orgNIZWEWidgets/TopTasksWidget.swift"; sourceTree = "<group>"; };
		E876F2B11D1E45E1B1BF973E /* WidgetModels.swift */ = {isa = PBXFileReference; lastKnownFileType = sourcecode.swift; path = "orgNIZWEWidgets/WidgetModels.swift"; sourceTree = "<group>"; };
		B543900F50FD4029ABAEDC57 /* WidgetProvider.swift */ = {isa = PBXFileReference; lastKnownFileType = sourcecode.swift; path = "orgNIZWEWidgets/WidgetProvider.swift"; sourceTree = "<group>"; };
		9CC4C22B46CD4307AD768A01 /* orgNIZWEWidgetsBundle.swift */ = {isa = PBXFileReference; lastKnownFileType = sourcecode.swift; path = "orgNIZWEWidgets/orgNIZWEWidgetsBundle.swift"; sourceTree = "<group>"; };
		1079FE1C8A524FE9B5A328AC /* Info.plist */ = {isa = PBXFileReference; lastKnownFileType = text.plist.xml; path = Info.plist; sourceTree = "<group>"; };
		B28A326B197840868AE1F513 /* Assets.xcassets */ = {isa = PBXFileReference; lastKnownFileType = folder.assetcatalog; path = Assets.xcassets; sourceTree = "<group>"; };
		5CB7C32D34AF4287A2D0D619 /* Info.plist */ = {isa = PBXFileReference; lastKnownFileType = text.plist.xml; name = Info.plist; path = orgNIZWEWidgets/Info.plist; sourceTree = "<group>"; };
		117D031189D04D1A8EDBC355 /* orgNIZWE.app */ = {isa = PBXFileReference; explicitFileType = wrapper.application; includeInIndex = 0; path = orgNIZWE.app; sourceTree = BUILT_PRODUCTS_DIR; };
		119BFF4447624A3BB48EC57F /* orgNIZWEWidgets.appex */ = {isa = PBXFileReference; explicitFileType = "wrapper.app-extension"; includeInIndex = 0; path = orgNIZWEWidgets.appex; sourceTree = BUILT_PRODUCTS_DIR; };
/* End PBXFileReference section */

/* Begin PBXFrameworksBuildPhase section */
		31AE450919A2469682EA4091 /* Frameworks */ = {
			isa = PBXFrameworksBuildPhase;
			buildActionMask = 2147483647;
			files = (
			);
			runOnlyForDeploymentPostprocessing = 0;
		};
/* End PBXFrameworksBuildPhase section */

/* Begin PBXGroup section */
		A8397B9D1C604C6B8802FF0B = {
			isa = PBXGroup;
			children = (
				1079FE1C8A524FE9B5A328AC /* Info.plist */,
				B28A326B197840868AE1F513 /* Assets.xcassets */,
				0C22252C878F4326A50B609A /* ContentView.swift */,
				F38E42E969AF4141AF1D3876 /* orgNIZWEApp.swift */,
				2EF7BB8FC3CD42D593E11C13 /* AddTaskIntent.swift */,
				E1944B894A8A4AAD9E1C83A9 /* EventItem.swift */,
				730B89464E3342F6ACB3EDB0 /* Habit.swift */,
				8CC374F51BB1496D990FBEB5 /* LifeItem.swift */,
				F983B867D2F44033BC468025 /* NoteItem.swift */,
				5DA7E31B06434431B6B71BA9 /* ReminderItem.swift */,
				23BB9F3BE58C42F1B6B06A2A /* ShoppingList.swift */,
				DFCAFBCBB9404ACEB86D45E2 /* TaskItem.swift */,
				87DCE80DBB8B4C2E8AF1A52E /* UserPreferences.swift */,
				DCF8239FBFDB4BBF9288FB75 /* AIService.swift */,
				A56AA03F4D16468891221776 /* EventKitService.swift */,
				C31B1310D7434EFE8484C80C /* HapticService.swift */,
				21F50DD2804A44E9AAD9392D /* HealthKitService.swift */,
				7D9B42F1C9724FF58EAB409C /* NotificationService.swift */,
				703CA997BCF449AFAE289EE3 /* AIAssistantViewModel.swift */,
				D6764703AE9A43419C72C78A /* CalendarViewModel.swift */,
				84D35CB02C11417B915380F9 /* HabitsViewModel.swift */,
				0A3FDE5B0FD44461BD442943 /* ShoppingViewModel.swift */,
				EA11978799BF4F64AB32AB3C /* TasksViewModel.swift */,
				3A4EF7184F6F433184A960A8 /* TodayViewModel.swift */,
				F12379E474804128A20B8334 /* AIAssistantView.swift */,
				B1D35B0C48FE485197625B1C /* CalendarView.swift */,
				CD81617CDB964B94836D9469 /* EventEditView.swift */,
				F0B1DC6D37634260991F0F7A /* QuickAddView.swift */,
				5E92D50B61554644AED8961F /* HabitEditView.swift */,
				08B796FCC27542699439CD0D /* HabitsView.swift */,
				AC09E3AF201341BBBE581C6E /* OnboardingView.swift */,
				875EDBDE75334508B9979090 /* LifeCategoryDetailView.swift */,
				C3025EDD59F446C5BD696B9E /* LifeItemEditView.swift */,
				69BFE5D1541942BA8A4F808F /* OrganizationView.swift */,
				0D4BD22428A547ACBB08A68A /* AISettingsView.swift */,
				BF65F9C836DD4FC28F24DC17 /* FavoriteCategoriesView.swift */,
				5117F1172C8D41D897988819 /* ModuleOrderView.swift */,
				531102AA62D9413483E3FFA6 /* ProfileView.swift */,
				132F39AA096C4500959D366E /* ShoppingListDetailView.swift */,
				49F706C7B33F48819A9DE097 /* ShoppingListEditView.swift */,
				B605EE2932A742ACA9F641B4 /* ShoppingView.swift */,
				5A1859E26ECB4A7F977F69A9 /* TaskEditView.swift */,
				BFEE1D28A55B46E0B819FE2C /* TasksView.swift */,
				9600BA118B444A9C9149BBD3 /* NextEventSection.swift */,
				131DD2D081A741369B5C8EF5 /* QuickActionsSection.swift */,
				99FE9017C5EC45769256E03E /* TodayHabitsSection.swift */,
				09E356B613FD47D19E056A02 /* TodayRemindersSection.swift */,
				53CFBDEC9AD54B7398410732 /* TodayView.swift */,
				FEEF0D605A7F46A6A33F40F0 /* TopTasksSection.swift */,
				E76D24A29DEA4AB584D0397D /* HabitsWidget.swift */,
				E6292E403F3147D0B802E276 /* NextEventWidget.swift */,
				3C47DE22523C414B9CB8D4FC /* TodayWidget.swift */,
				4AF395C2D11146A7BD1042DB /* TopTasksWidget.swift */,
				E876F2B11D1E45E1B1BF973E /* WidgetModels.swift */,
				B543900F50FD4029ABAEDC57 /* WidgetProvider.swift */,
				9CC4C22B46CD4307AD768A01 /* orgNIZWEWidgetsBundle.swift */,
				5CB7C32D34AF4287A2D0D619 /* Info.plist */,
				117D031189D04D1A8EDBC355 /* Products */,
			);
			sourceTree = "<group>";
		};
		117D031189D04D1A8EDBC355 /* Products */ = {
			isa = PBXGroup;
			children = (
				117D031189D04D1A8EDBC355 /* orgNIZWE.app */,
				119BFF4447624A3BB48EC57F /* orgNIZWEWidgets.appex */,
			);
			name = Products;
			sourceTree = "<group>";
		};
/* End PBXGroup section */

/* Begin PBXNativeTarget section */
		142FE873F52C41D296AD2B67 /* orgNIZWE */ = {
			isa = PBXNativeTarget;
			buildConfigurationList = 093485DF10454861983AEFB8 /* Build configuration list for PBXNativeTarget "orgNIZWE" */;
			buildPhases = (
				891C5759CEA84FE39905A1FA /* Sources */,
				31AE450919A2469682EA4091 /* Frameworks */,
				9F2A4C42F8DB42CBBF1EFA08 /* Resources */,
			);
			buildRules = (
			);
			dependencies = (
			);
			name = orgNIZWE;
			productName = orgNIZWE;
			productReference = 117D031189D04D1A8EDBC355 /* orgNIZWE.app */;
			productType = "com.apple.product-type.application";
		};
		65824F269EBD464A9D14F5B0 /* orgNIZWEWidgets */ = {
			isa = PBXNativeTarget;
			buildConfigurationList = E85A736C69A94809B80F40E4 /* Build configuration list for PBXNativeTarget "orgNIZWEWidgets" */;
			buildPhases = (
				2BD93BB8FF8B40B7A1C4BB2A /* Sources */,
				458B5DF74E59439996AB81AF /* Resources */,
			);
			buildRules = (
			);
			dependencies = (
			);
			name = orgNIZWEWidgets;
			productName = orgNIZWEWidgets;
			productReference = 119BFF4447624A3BB48EC57F /* orgNIZWEWidgets.appex */;
			productType = "com.apple.product-type.app-extension";
		};
/* End PBXNativeTarget section */

/* Begin PBXProject section */
		157DD0571CAA48FD9868B23C /* Project object */ = {
			isa = PBXProject;
			buildConfigurationList = 39DAC803B687496599AEB501 /* Build configuration list for PBXProject "orgNIZWE" */;
			compatibilityVersion = "Xcode 15.0";
			developmentRegion = pl;
			hasScannedForEncodings = 0;
			knownRegions = (
				pl,
				Base,
			);
			mainGroup = A8397B9D1C604C6B8802FF0B;
			productRefGroup = 117D031189D04D1A8EDBC355 /* Products */;
			projectDirPath = "";
			projectRoot = "";
			targets = (
				142FE873F52C41D296AD2B67 /* orgNIZWE */,
				65824F269EBD464A9D14F5B0 /* orgNIZWEWidgets */,
			);
		};
/* End PBXProject section */

/* Begin PBXResourcesBuildPhase section */
		9F2A4C42F8DB42CBBF1EFA08 /* Resources */ = {
			isa = PBXResourcesBuildPhase;
			buildActionMask = 2147483647;
			files = (
				3AD1D2ED4B14403C9EB6A600 /* Assets.xcassets in Resources */,
			);
			runOnlyForDeploymentPostprocessing = 0;
		};
		458B5DF74E59439996AB81AF /* Resources */ = {
			isa = PBXResourcesBuildPhase;
			buildActionMask = 2147483647;
			files = (
			);
			runOnlyForDeploymentPostprocessing = 0;
		};
/* End PBXResourcesBuildPhase section */

/* Begin PBXSourcesBuildPhase section */
		891C5759CEA84FE39905A1FA /* Sources */ = {
			isa = PBXSourcesBuildPhase;
			buildActionMask = 2147483647;
			files = (
				BA4C42ED90984F1BADBD156E /* ContentView.swift in Sources */,
				618691709C6C47EF9E67F56B /* orgNIZWEApp.swift in Sources */,
				F0ED3A5F78664241B6818141 /* AddTaskIntent.swift in Sources */,
				5FD2AD293B024B05AAE5E2A3 /* EventItem.swift in Sources */,
				84F421F6E8F3407FB204B565 /* Habit.swift in Sources */,
				D5424442EC1D48FB81A8CF0E /* LifeItem.swift in Sources */,
				6DA4B5CD875345CBA73B7568 /* NoteItem.swift in Sources */,
				E246024D500149E2AB45F005 /* ReminderItem.swift in Sources */,
				DB409C132AC1496F86183B19 /* ShoppingList.swift in Sources */,
				D84658C536364301AA6587AC /* TaskItem.swift in Sources */,
				7C25977CFE734B4E8A472107 /* UserPreferences.swift in Sources */,
				31BF7DAB92FA416B97BFFF68 /* AIService.swift in Sources */,
				18F1C5D8DD7E4473858D65AA /* EventKitService.swift in Sources */,
				2C8825C9A2234713A5E1A3BF /* HapticService.swift in Sources */,
				7EA08FD305EE4CCF937F3CD2 /* HealthKitService.swift in Sources */,
				2A42714F6D84450D85B7085A /* NotificationService.swift in Sources */,
				5CE88621CD104A47AFB6F210 /* AIAssistantViewModel.swift in Sources */,
				04590049445B4918A8C7E526 /* CalendarViewModel.swift in Sources */,
				C52D52D2CC8747E5918BD4DB /* HabitsViewModel.swift in Sources */,
				6CCDC944534249C8BC8BC1C3 /* ShoppingViewModel.swift in Sources */,
				BADDBBE1C56B4686BA2532F1 /* TasksViewModel.swift in Sources */,
				15A56F63720F461F97CF1CCB /* TodayViewModel.swift in Sources */,
				02514EFAB37840D094C4DEA4 /* AIAssistantView.swift in Sources */,
				092CCAA9F1E3439E884B737B /* CalendarView.swift in Sources */,
				86E159F4646F4D0B93838014 /* EventEditView.swift in Sources */,
				2B10D42EE9B64D18825B2A0C /* QuickAddView.swift in Sources */,
				316134C313D941E78F7CEF03 /* HabitEditView.swift in Sources */,
				518081F6249C49B382A41C93 /* HabitsView.swift in Sources */,
				3F885C0248544DABB0B31480 /* OnboardingView.swift in Sources */,
				EE6DF928707A411598F16C17 /* LifeCategoryDetailView.swift in Sources */,
				AE9D9FAACF414203A2089032 /* LifeItemEditView.swift in Sources */,
				686D42525CF84271B77C8483 /* OrganizationView.swift in Sources */,
				B026356805A2456F988B7FFB /* AISettingsView.swift in Sources */,
				EA086ECD96FC4D919B20C99B /* FavoriteCategoriesView.swift in Sources */,
				671F36E170C5432EBF0412CE /* ModuleOrderView.swift in Sources */,
				62847CC9A3404740A4F0663E /* ProfileView.swift in Sources */,
				09F2FFC3C6A946D9B8550237 /* ShoppingListDetailView.swift in Sources */,
				E0C504F1BFA0443F90704058 /* ShoppingListEditView.swift in Sources */,
				A2B67464B33745B08EDAC7B1 /* ShoppingView.swift in Sources */,
				9E95CE2791B14E07A3EE503F /* TaskEditView.swift in Sources */,
				92710BC998D94503A6B28CDE /* TasksView.swift in Sources */,
				30C2871B20D147FDAE41DB12 /* NextEventSection.swift in Sources */,
				CFE4D5B4FDA4405FBE64971B /* QuickActionsSection.swift in Sources */,
				22F1261DC392472F9EB230F2 /* TodayHabitsSection.swift in Sources */,
				CEDD4FF8649C435D8A46F7ED /* TodayRemindersSection.swift in Sources */,
				BC1ED210820A4882B07AB90F /* TodayView.swift in Sources */,
				05C9120E046E44E880C127EA /* TopTasksSection.swift in Sources */,
			);
			runOnlyForDeploymentPostprocessing = 0;
		};
		2BD93BB8FF8B40B7A1C4BB2A /* Sources */ = {
			isa = PBXSourcesBuildPhase;
			buildActionMask = 2147483647;
			files = (
				FDF486A73ECC4F83BBC90C09 /* HabitsWidget.swift in Sources */,
				400C936B3D91428BB4AAF8EB /* NextEventWidget.swift in Sources */,
				2515F1C38EF1429CA79ABD8E /* TodayWidget.swift in Sources */,
				AB9D06F1B31541C7B62E2493 /* TopTasksWidget.swift in Sources */,
				56090197D0874B21BC1D428A /* WidgetModels.swift in Sources */,
				E2D9060E186543D68D2B9222 /* WidgetProvider.swift in Sources */,
				ACDBA0182A1E41139FD8EBA8 /* orgNIZWEWidgetsBundle.swift in Sources */,
			);
			runOnlyForDeploymentPostprocessing = 0;
		};
/* End PBXSourcesBuildPhase section */

/* Begin XCBuildConfiguration section */
		34AE0BD61FD24134A1741580 /* Debug */ = {
			isa = XCBuildConfiguration;
			buildSettings = {
				ALWAYS_SEARCH_USER_PATHS = NO;
				ASSETCATALOG_COMPILER_GENERATE_SWIFT_ASSET_SYMBOL_EXTENSIONS = YES;
				CLANG_ANALYZER_NONNULL = YES;
				CLANG_CXX_LANGUAGE_STANDARD = "gnu++20";
				CLANG_ENABLE_MODULES = YES;
				CLANG_ENABLE_OBJC_ARC = YES;
				CLANG_WARN_BLOCK_CAPTURE_AUTORELEASING = YES;
				CLANG_WARN_BOOL_CONVERSION = YES;
				CLANG_WARN_COMMA = YES;
				CLANG_WARN_CONSTANT_CONVERSION = YES;
				CLANG_WARN_DEPRECATED_OBJC_IMPLEMENTATIONS = YES;
				CLANG_WARN_DIRECT_OBJC_ISA_USAGE = YES_ERROR;
				CLANG_WARN_DOCUMENTATION_COMMENTS = YES;
				CLANG_WARN_EMPTY_BODY = YES;
				CLANG_WARN_ENUM_CONVERSION = YES;
				CLANG_WARN_INFINITE_RECURSION = YES;
				CLANG_WARN_INT_CONVERSION = YES;
				CLANG_WARN_NON_LITERAL_NULL_CONVERSION = YES;
				CLANG_WARN_OBJC_IMPLICIT_RETAIN_SELF = YES;
				CLANG_WARN_OBJC_LITERAL_CONVERSION = YES;
				CLANG_WARN_OBJC_ROOT_CLASS = YES_ERROR;
				CLANG_WARN_QUOTED_INCLUDE_IN_FRAMEWORK_HEADER = YES;
				CLANG_WARN_RANGE_LOOP_ANALYSIS = YES;
				CLANG_WARN_STRICT_PROTOTYPES = YES;
				CLANG_WARN_SUSPICIOUS_MOVE = YES;
				CLANG_WARN_UNGUARDED_AVAILABILITY = YES_AGGRESSIVE;
				CLANG_WARN_UNREACHABLE_CODE = YES;
				CLANG_WARN__DUPLICATE_METHOD_MATCH = YES;
				COPY_PHASE_STRIP = NO;
				DEBUG_INFORMATION_FORMAT = dwarf;
				ENABLE_STRICT_OBJC_MSGSEND = YES;
				ENABLE_TESTABILITY = YES;
				ENABLE_USER_SCRIPT_SANDBOXING = YES;
				GCC_C_LANGUAGE_STANDARD = gnu17;
				GCC_DYNAMIC_NO_PIC = NO;
				GCC_NO_COMMON_BLOCKS = YES;
				GCC_OPTIMIZATION_LEVEL = 0;
				GCC_PREPROCESSOR_DEFINITIONS = (
					"DEBUG=1",
					"$(inherited)",
				);
				GCC_WARN_64_TO_32_BIT_CONVERSION = YES;
				GCC_WARN_ABOUT_RETURN_TYPE = YES_ERROR;
				GCC_WARN_UNDECLARED_SELECTOR = YES;
				GCC_WARN_UNINITIALIZED_AUTOS = YES_AGGRESSIVE;
				GCC_WARN_UNUSED_FUNCTION = YES;
				GCC_WARN_UNUSED_VARIABLE = YES;
				IPHONEOS_DEPLOYMENT_TARGET = 17.0;
				LOCALIZATION_PREFERS_STRING_CATALOGS = YES;
				MTL_ENABLE_DEBUG_INFO = INCLUDE_SOURCE;
				MTL_FAST_MATH = YES;
				ONLY_ACTIVE_ARCH = YES;
				SDKROOT = iphoneos;
				SWIFT_ACTIVE_COMPILATION_CONDITIONS = "DEBUG $(inherited)";
				SWIFT_OPTIMIZATION_LEVEL = "-Onone";
			};
			name = Debug;
		};
		DEA139EF31C94D30A6C90728 /* Release */ = {
			isa = XCBuildConfiguration;
			buildSettings = {
				ALWAYS_SEARCH_USER_PATHS = NO;
				ASSETCATALOG_COMPILER_GENERATE_SWIFT_ASSET_SYMBOL_EXTENSIONS = YES;
				CLANG_ANALYZER_NONNULL = YES;
				CLANG_CXX_LANGUAGE_STANDARD = "gnu++20";
				CLANG_ENABLE_MODULES = YES;
				CLANG_ENABLE_OBJC_ARC = YES;
				CLANG_WARN_BLOCK_CAPTURE_AUTORELEASING = YES;
				CLANG_WARN_BOOL_CONVERSION = YES;
				CLANG_WARN_COMMA = YES;
				CLANG_WARN_CONSTANT_CONVERSION = YES;
				CLANG_WARN_DEPRECATED_OBJC_IMPLEMENTATIONS = YES;
				CLANG_WARN_DIRECT_OBJC_ISA_USAGE = YES_ERROR;
				CLANG_WARN_DOCUMENTATION_COMMENTS = YES;
				CLANG_WARN_EMPTY_BODY = YES;
				CLANG_WARN_ENUM_CONVERSION = YES;
				CLANG_WARN_INFINITE_RECURSION = YES;
				CLANG_WARN_INT_CONVERSION = YES;
				CLANG_WARN_NON_LITERAL_NULL_CONVERSION = YES;
				CLANG_WARN_OBJC_IMPLICIT_RETAIN_SELF = YES;
				CLANG_WARN_OBJC_LITERAL_CONVERSION = YES;
				CLANG_WARN_OBJC_ROOT_CLASS = YES_ERROR;
				CLANG_WARN_QUOTED_INCLUDE_IN_FRAMEWORK_HEADER = YES;
				CLANG_WARN_RANGE_LOOP_ANALYSIS = YES;
				CLANG_WARN_STRICT_PROTOTYPES = YES;
				CLANG_WARN_SUSPICIOUS_MOVE = YES;
				CLANG_WARN_UNGUARDED_AVAILABILITY = YES_AGGRESSIVE;
				CLANG_WARN_UNREACHABLE_CODE = YES;
				CLANG_WARN__DUPLICATE_METHOD_MATCH = YES;
				COPY_PHASE_STRIP = NO;
				DEBUG_INFORMATION_FORMAT = "dwarf-with-dsym";
				ENABLE_NS_ASSERTIONS = NO;
				ENABLE_STRICT_OBJC_MSGSEND = YES;
				ENABLE_USER_SCRIPT_SANDBOXING = YES;
				GCC_C_LANGUAGE_STANDARD = gnu17;
				GCC_NO_COMMON_BLOCKS = YES;
				GCC_WARN_64_TO_32_BIT_CONVERSION = YES;
				GCC_WARN_ABOUT_RETURN_TYPE = YES_ERROR;
				GCC_WARN_UNDECLARED_SELECTOR = YES;
				GCC_WARN_UNINITIALIZED_AUTOS = YES_AGGRESSIVE;
				GCC_WARN_UNUSED_FUNCTION = YES;
				GCC_WARN_UNUSED_VARIABLE = YES;
				IPHONEOS_DEPLOYMENT_TARGET = 17.0;
				LOCALIZATION_PREFERS_STRING_CATALOGS = YES;
				MTL_ENABLE_DEBUG_INFO = NO;
				MTL_FAST_MATH = YES;
				SDKROOT = iphoneos;
				SWIFT_COMPILATION_MODE = wholemodule;
				VALIDATE_PRODUCT = YES;
			};
			name = Release;
		};
		E4CDA54BAC24496CA4926842 /* Debug */ = {
			isa = XCBuildConfiguration;
			buildSettings = {
				ASSETCATALOG_COMPILER_APPICON_NAME = AppIcon;
				ASSETCATALOG_COMPILER_GLOBAL_ACCENT_COLOR_NAME = AccentColor;
				CODE_SIGN_STYLE = Automatic;
				CURRENT_PROJECT_VERSION = 1;
				DEVELOPMENT_ASSET_PATHS = "";
				ENABLE_PREVIEWS = YES;
				GENERATE_INFOPLIST_FILE = NO;
				INFOPLIST_FILE = orgNIZWE/Info.plist;
				INFOPLIST_KEY_UIApplicationSceneManifest_Generation = YES;
				INFOPLIST_KEY_UIApplicationSupportsIndirectInputEvents = YES;
				INFOPLIST_KEY_UILaunchScreen_Generation = YES;
				INFOPLIST_KEY_UISupportedInterfaceOrientations_iPad = "UIInterfaceOrientationPortrait UIInterfaceOrientationPortraitUpsideDown UIInterfaceOrientationLandscapeLeft UIInterfaceOrientationLandscapeRight";
				INFOPLIST_KEY_UISupportedInterfaceOrientations_iPhone = "UIInterfaceOrientationPortrait";
				IPHONEOS_DEPLOYMENT_TARGET = 17.0;
				LD_RUNPATH_SEARCH_PATHS = (
					"$(inherited)",
					"@executable_path/Frameworks",
				);
				MARKETING_VERSION = 1.0;
				PRODUCT_BUNDLE_IDENTIFIER = com.yourcompany.orgNIZWE;
				PRODUCT_NAME = "$(TARGET_NAME)";
				SWIFT_EMIT_LOC_STRINGS = YES;
				SWIFT_VERSION = 5.0;
				TARGETED_DEVICE_FAMILY = "1,2";
			};
			name = Debug;
		};
		2DCA608C66E44FD1A19C5CFD /* Release */ = {
			isa = XCBuildConfiguration;
			buildSettings = {
				ASSETCATALOG_COMPILER_APPICON_NAME = AppIcon;
				ASSETCATALOG_COMPILER_GLOBAL_ACCENT_COLOR_NAME = AccentColor;
				CODE_SIGN_STYLE = Automatic;
				CURRENT_PROJECT_VERSION = 1;
				DEVELOPMENT_ASSET_PATHS = "";
				ENABLE_PREVIEWS = YES;
				GENERATE_INFOPLIST_FILE = NO;
				INFOPLIST_FILE = orgNIZWE/Info.plist;
				INFOPLIST_KEY_UIApplicationSceneManifest_Generation = YES;
				INFOPLIST_KEY_UIApplicationSupportsIndirectInputEvents = YES;
				INFOPLIST_KEY_UILaunchScreen_Generation = YES;
				INFOPLIST_KEY_UISupportedInterfaceOrientations_iPad = "UIInterfaceOrientationPortrait UIInterfaceOrientationPortraitUpsideDown UIInterfaceOrientationLandscapeLeft UIInterfaceOrientationLandscapeRight";
				INFOPLIST_KEY_UISupportedInterfaceOrientations_iPhone = "UIInterfaceOrientationPortrait";
				IPHONEOS_DEPLOYMENT_TARGET = 17.0;
				LD_RUNPATH_SEARCH_PATHS = (
					"$(inherited)",
					"@executable_path/Frameworks",
				);
				MARKETING_VERSION = 1.0;
				PRODUCT_BUNDLE_IDENTIFIER = com.yourcompany.orgNIZWE;
				PRODUCT_NAME = "$(TARGET_NAME)";
				SWIFT_EMIT_LOC_STRINGS = YES;
				SWIFT_VERSION = 5.0;
				TARGETED_DEVICE_FAMILY = "1,2";
			};
			name = Release;
		};
		9B83F2C448ED4FBDB013593E /* Debug */ = {
			isa = XCBuildConfiguration;
			buildSettings = {
				CODE_SIGN_STYLE = Automatic;
				CURRENT_PROJECT_VERSION = 1;
				GENERATE_INFOPLIST_FILE = NO;
				INFOPLIST_FILE = orgNIZWEWidgets/Info.plist;
				INFOPLIST_KEY_CFBundleDisplayName = orgNIZWEWidgets;
				INFOPLIST_KEY_NSHumanReadableCopyright = "";
				IPHONEOS_DEPLOYMENT_TARGET = 17.0;
				LD_RUNPATH_SEARCH_PATHS = (
					"$(inherited)",
					"@executable_path/Frameworks",
					"@executable_path/../../Frameworks",
				);
				MARKETING_VERSION = 1.0;
				PRODUCT_BUNDLE_IDENTIFIER = com.yourcompany.orgNIZWE.widgets;
				PRODUCT_NAME = "$(TARGET_NAME)";
				SKIP_INSTALL = YES;
				SWIFT_EMIT_LOC_STRINGS = YES;
				SWIFT_VERSION = 5.0;
				TARGETED_DEVICE_FAMILY = "1,2";
			};
			name = Debug;
		};
		C91802ADE128407B8CB6B81E /* Release */ = {
			isa = XCBuildConfiguration;
			buildSettings = {
				CODE_SIGN_STYLE = Automatic;
				CURRENT_PROJECT_VERSION = 1;
				GENERATE_INFOPLIST_FILE = NO;
				INFOPLIST_FILE = orgNIZWEWidgets/Info.plist;
				INFOPLIST_KEY_CFBundleDisplayName = orgNIZWEWidgets;
				INFOPLIST_KEY_NSHumanReadableCopyright = "";
				IPHONEOS_DEPLOYMENT_TARGET = 17.0;
				LD_RUNPATH_SEARCH_PATHS = (
					"$(inherited)",
					"@executable_path/Frameworks",
					"@executable_path/../../Frameworks",
				);
				MARKETING_VERSION = 1.0;
				PRODUCT_BUNDLE_IDENTIFIER = com.yourcompany.orgNIZWE.widgets;
				PRODUCT_NAME = "$(TARGET_NAME)";
				SKIP_INSTALL = YES;
				SWIFT_EMIT_LOC_STRINGS = YES;
				SWIFT_VERSION = 5.0;
				TARGETED_DEVICE_FAMILY = "1,2";
			};
			name = Release;
		};
/* End XCBuildConfiguration section */

/* Begin XCConfigurationList section */
		39DAC803B687496599AEB501 /* Build configuration list for PBXProject "orgNIZWE" */ = {
			isa = XCConfigurationList;
			buildConfigurations = (
				34AE0BD61FD24134A1741580 /* Debug */,
				DEA139EF31C94D30A6C90728 /* Release */,
			);
			defaultConfigurationIsVisible = 0;
			defaultConfigurationName = Release;
		};
		093485DF10454861983AEFB8 /* Build configuration list for PBXNativeTarget "orgNIZWE" */ = {
			isa = XCConfigurationList;
			buildConfigurations = (
				E4CDA54BAC24496CA4926842 /* Debug */,
				2DCA608C66E44FD1A19C5CFD /* Release */,
			);
			defaultConfigurationIsVisible = 0;
			defaultConfigurationName = Release;
		};
		E85A736C69A94809B80F40E4 /* Build configuration list for PBXNativeTarget "orgNIZWEWidgets" */ = {
			isa = XCConfigurationList;
			buildConfigurations = (
				9B83F2C448ED4FBDB013593E /* Debug */,
				C91802ADE128407B8CB6B81E /* Release */,
			);
			defaultConfigurationIsVisible = 0;
			defaultConfigurationName = Release;
		};
/* End XCConfigurationList section */
	};
	rootObject = 157DD0571CAA48FD9868B23C /* Project object */;
}
