// !$*UTF8*$!
{
	archiveVersion = 1;
	classes = {
	};
	objectVersion = 56;
	objects = {

/* Begin PBXBuildFile section */
		56DBBBE55E274C8B98144B53 /* in Sources */ = {isa = PBXBuildFile; fileRef = 19AA111D66A144B3A30409D3 /* ContentView.swift */; };
		F6BA34A3B8FE4A84A01BDA36 /* in Sources */ = {isa = PBXBuildFile; fileRef = 0AE38ED59612497AB47853BE /* orgNIZWEApp.swift */; };
		9020FEDCC15A4B6B86B89E20 /* in Sources */ = {isa = PBXBuildFile; fileRef = 779DE514C94843AC9A8F5332 /* AddTaskIntent.swift */; };
		3EF1FF6982B74B14B3DB953F /* in Sources */ = {isa = PBXBuildFile; fileRef = A02E8E55EA114DF9B94F71A8 /* EventItem.swift */; };
		F4BC9B66972E4653BD85238C /* in Sources */ = {isa = PBXBuildFile; fileRef = 24B0DFDC58A342D8BF77E469 /* Habit.swift */; };
		197A49990A544643AEF2F58E /* in Sources */ = {isa = PBXBuildFile; fileRef = 3A83CCB8931442ACB897837F /* LifeItem.swift */; };
		080A2D66A8C848E2B18A5E96 /* in Sources */ = {isa = PBXBuildFile; fileRef = 4E39D092C79C46DEB08CA7E3 /* NoteItem.swift */; };
		7B5CD1382D644B2DAAD370EB /* in Sources */ = {isa = PBXBuildFile; fileRef = 340F85A2D5E747889D49DD15 /* ReminderItem.swift */; };
		E3479FBFFFC7440A82C33533 /* in Sources */ = {isa = PBXBuildFile; fileRef = 1F1061130D7C4D469E2B6CE2 /* ShoppingList.swift */; };
		52EB3085033E4BE493AAC43F /* in Sources */ = {isa = PBXBuildFile; fileRef = E883B36885244D11A982F114 /* TaskItem.swift */; };
		130A9938352B4B38901E4EED /* in Sources */ = {isa = PBXBuildFile; fileRef = 9C51FDF26B724BEAA3E4AA0F /* UserPreferences.swift */; };
		E42360D9AA844C419626CDA5 /* in Sources */ = {isa = PBXBuildFile; fileRef = 0864AA1918544E6A984EEF4B /* AIService.swift */; };
		7D471C88D8C64BA0AE908CD1 /* in Sources */ = {isa = PBXBuildFile; fileRef = F260505D16144D04B257FDB2 /* EventKitService.swift */; };
		1988601B3B56485E8162C065 /* in Sources */ = {isa = PBXBuildFile; fileRef = 619F20762E024FEDBF5AFFEF /* HapticService.swift */; };
		47AB03442F964A37AD61DF5F /* in Sources */ = {isa = PBXBuildFile; fileRef = 849AA2065BA74020AE0DA12F /* HealthKitService.swift */; };
		359154744ED343E298243DC5 /* in Sources */ = {isa = PBXBuildFile; fileRef = 7F46072F254A4DB1BD9158A1 /* NotificationService.swift */; };
		B438101A4C5646AFB15A864F /* in Sources */ = {isa = PBXBuildFile; fileRef = B8A2B90481BD42C4BA5E54D6 /* AIAssistantViewModel.swift */; };
		E614B16D3E8C4E8BBAB0BC1F /* in Sources */ = {isa = PBXBuildFile; fileRef = 3EB187AB13334418A1B4EB61 /* CalendarViewModel.swift */; };
		84038032C156437FA3E7D895 /* in Sources */ = {isa = PBXBuildFile; fileRef = CB9CF51602D34160A2D59B42 /* HabitsViewModel.swift */; };
		C686429080CE475BBE4327B9 /* in Sources */ = {isa = PBXBuildFile; fileRef = 96048E0D0C884CE0B2FBE49B /* ShoppingViewModel.swift */; };
		A03ABF79128542E395CD89B3 /* in Sources */ = {isa = PBXBuildFile; fileRef = F1301FE325954C369E887422 /* TasksViewModel.swift */; };
		192837825DEB4493B1DB843C /* in Sources */ = {isa = PBXBuildFile; fileRef = E36285F64A4C4837B2C46B83 /* TodayViewModel.swift */; };
		AFD19B8C22D64B82AB5F3C79 /* in Sources */ = {isa = PBXBuildFile; fileRef = 90AAD676546547F4B0A39291 /* AIAssistantView.swift */; };
		CF1B150876684B19B188B223 /* in Sources */ = {isa = PBXBuildFile; fileRef = 76738FC7E9A04984A197B772 /* CalendarView.swift */; };
		F38EBCAE184D49FFB29400A6 /* in Sources */ = {isa = PBXBuildFile; fileRef = 91A6A7C008094F9CABC0B96D /* EventEditView.swift */; };
		E28373A602EA4941A225964D /* in Sources */ = {isa = PBXBuildFile; fileRef = 29CB0ED6DE20484FBA79B9BA /* QuickAddView.swift */; };
		592911D5254246FCBB378191 /* in Sources */ = {isa = PBXBuildFile; fileRef = 0D572C5A726E4787A2A6AB25 /* HabitEditView.swift */; };
		CFAD042BA87F483989DB34A1 /* in Sources */ = {isa = PBXBuildFile; fileRef = C5A9490A76CC49B08C13CEB1 /* HabitsView.swift */; };
		A29C331C9A904851AB3C891E /* in Sources */ = {isa = PBXBuildFile; fileRef = 7EF4F172EA524D53AB1B3D83 /* OnboardingView.swift */; };
		96C4102AF9B0474B8EFFA867 /* in Sources */ = {isa = PBXBuildFile; fileRef = 16262D67FCC74B3A82137C1A /* LifeCategoryDetailView.swift */; };
		1F6F9B27BC4B4698AB0C1602 /* in Sources */ = {isa = PBXBuildFile; fileRef = AED81326F5444584AD5095AA /* LifeItemEditView.swift */; };
		F068F55A37534C9F91906628 /* in Sources */ = {isa = PBXBuildFile; fileRef = 4A89EA4613D9448C8A6580A6 /* OrganizationView.swift */; };
		DBED9D0E841D4DC3AC9BEA15 /* in Sources */ = {isa = PBXBuildFile; fileRef = 7B9E853A00374FB7828C92D6 /* AISettingsView.swift */; };
		62538ED539B945F39299BF1D /* in Sources */ = {isa = PBXBuildFile; fileRef = FE89F86E256C4DAE94E6854E /* FavoriteCategoriesView.swift */; };
		6AA3DB78EDA14405ADA321B3 /* in Sources */ = {isa = PBXBuildFile; fileRef = 95A259A6694843258D470402 /* ModuleOrderView.swift */; };
		3F0CF09BF74044E7BC515208 /* in Sources */ = {isa = PBXBuildFile; fileRef = 388E7D8085984DA2B723E259 /* ProfileView.swift */; };
		29E4CA80A39D48069BD22F95 /* in Sources */ = {isa = PBXBuildFile; fileRef = A3FB5C3A06AA473DBB2D27D7 /* ShoppingListDetailView.swift */; };
		A39CB489E9DF4631A46C2749 /* in Sources */ = {isa = PBXBuildFile; fileRef = 8A09C23A4BC14FA7AE5639AF /* ShoppingListEditView.swift */; };
		2602D92A1E4D4ED3AC1EB106 /* in Sources */ = {isa = PBXBuildFile; fileRef = 7E85B2F4660F414EBC57E0E8 /* ShoppingView.swift */; };
		21129A8A81A34717B9CB0308 /* in Sources */ = {isa = PBXBuildFile; fileRef = 8FEA8BB99CA140A481DD51F2 /* TaskEditView.swift */; };
		D47FFA85B444430CBDEE1C55 /* in Sources */ = {isa = PBXBuildFile; fileRef = 9EC18E20315A4246A101F9E1 /* TasksView.swift */; };
		AC87AC76B4B44941BA8CB930 /* in Sources */ = {isa = PBXBuildFile; fileRef = A2753F6F6533444FA24D2464 /* NextEventSection.swift */; };
		BA02B405075147A3A061F7B0 /* in Sources */ = {isa = PBXBuildFile; fileRef = A5D062ECAD444AFFACC73C01 /* QuickActionsSection.swift */; };
		3178C10947F34157A9D50A92 /* in Sources */ = {isa = PBXBuildFile; fileRef = 153B0C6AC2864EB1A862D532 /* TodayHabitsSection.swift */; };
		B48AFD8EFAD44F0EA50A9E5F /* in Sources */ = {isa = PBXBuildFile; fileRef = 657F47BD7B124BF9B074BA05 /* TodayRemindersSection.swift */; };
		D63F7C68FB944EEFA58F5140 /* in Sources */ = {isa = PBXBuildFile; fileRef = 676EADA329B245418315ECD3 /* TodayView.swift */; };
		5153F70AB367465381CF2EB7 /* in Sources */ = {isa = PBXBuildFile; fileRef = E731CB780C6443D6A4889823 /* TopTasksSection.swift */; };
		E62DB11DECC945CF8F3BEAF3 /* in Sources */ = {isa = PBXBuildFile; fileRef = A3E932D5BD6D48E796CA1240 /* HabitsWidget.swift */; };
		00B6CC55CCE845D3B55013DB /* in Sources */ = {isa = PBXBuildFile; fileRef = 966B5CC98A714E4D90E48DF9 /* NextEventWidget.swift */; };
		08C9AF389B4B4BFDB398681C /* in Sources */ = {isa = PBXBuildFile; fileRef = 2E23ADABC73D4E97AE92EF20 /* TodayWidget.swift */; };
		F7D97C9515324E7BAC1522A7 /* in Sources */ = {isa = PBXBuildFile; fileRef = FD1D742EC2104105B66303F4 /* TopTasksWidget.swift */; };
		FC20736B46244BF8A60DC503 /* in Sources */ = {isa = PBXBuildFile; fileRef = 68DB7547F85246AEA3C8DBB9 /* WidgetModels.swift */; };
		FB0E4CA0EE52448E87B4ABC4 /* in Sources */ = {isa = PBXBuildFile; fileRef = 0E488795CF264FEFAC078D71 /* WidgetProvider.swift */; };
		0E9E900FE4FA4A2CAED4EE62 /* in Sources */ = {isa = PBXBuildFile; fileRef = 8E27F1897EB5432E94A463EE /* orgNIZWEWidgetsBundle.swift */; };
/* End PBXBuildFile section */

/* Begin PBXFileReference section */
		19AA111D66A144B3A30409D3 /* ContentView.swift */ = {isa = PBXFileReference; lastKnownFileType = sourcecode.swift; path = "orgNIZWE/ContentView.swift"; sourceTree = "<group>"; };
		0AE38ED59612497AB47853BE /* orgNIZWEApp.swift */ = {isa = PBXFileReference; lastKnownFileType = sourcecode.swift; path = "orgNIZWE/orgNIZWEApp.swift"; sourceTree = "<group>"; };
		779DE514C94843AC9A8F5332 /* AddTaskIntent.swift */ = {isa = PBXFileReference; lastKnownFileType = sourcecode.swift; path = "orgNIZWE/AppIntents/AddTaskIntent.swift"; sourceTree = "<group>"; };
		A02E8E55EA114DF9B94F71A8 /* EventItem.swift */ = {isa = PBXFileReference; lastKnownFileType = sourcecode.swift; path = "orgNIZWE/Models/EventItem.swift"; sourceTree = "<group>"; };
		24B0DFDC58A342D8BF77E469 /* Habit.swift */ = {isa = PBXFileReference; lastKnownFileType = sourcecode.swift; path = "orgNIZWE/Models/Habit.swift"; sourceTree = "<group>"; };
		3A83CCB8931442ACB897837F /* LifeItem.swift */ = {isa = PBXFileReference; lastKnownFileType = sourcecode.swift; path = "orgNIZWE/Models/LifeItem.swift"; sourceTree = "<group>"; };
		4E39D092C79C46DEB08CA7E3 /* NoteItem.swift */ = {isa = PBXFileReference; lastKnownFileType = sourcecode.swift; path = "orgNIZWE/Models/NoteItem.swift"; sourceTree = "<group>"; };
		340F85A2D5E747889D49DD15 /* ReminderItem.swift */ = {isa = PBXFileReference; lastKnownFileType = sourcecode.swift; path = "orgNIZWE/Models/ReminderItem.swift"; sourceTree = "<group>"; };
		1F1061130D7C4D469E2B6CE2 /* ShoppingList.swift */ = {isa = PBXFileReference; lastKnownFileType = sourcecode.swift; path = "orgNIZWE/Models/ShoppingList.swift"; sourceTree = "<group>"; };
		E883B36885244D11A982F114 /* TaskItem.swift */ = {isa = PBXFileReference; lastKnownFileType = sourcecode.swift; path = "orgNIZWE/Models/TaskItem.swift"; sourceTree = "<group>"; };
		9C51FDF26B724BEAA3E4AA0F /* UserPreferences.swift */ = {isa = PBXFileReference; lastKnownFileType = sourcecode.swift; path = "orgNIZWE/Models/UserPreferences.swift"; sourceTree = "<group>"; };
		0864AA1918544E6A984EEF4B /* AIService.swift */ = {isa = PBXFileReference; lastKnownFileType = sourcecode.swift; path = "orgNIZWE/Services/AIService.swift"; sourceTree = "<group>"; };
		F260505D16144D04B257FDB2 /* EventKitService.swift */ = {isa = PBXFileReference; lastKnownFileType = sourcecode.swift; path = "orgNIZWE/Services/EventKitService.swift"; sourceTree = "<group>"; };
		619F20762E024FEDBF5AFFEF /* HapticService.swift */ = {isa = PBXFileReference; lastKnownFileType = sourcecode.swift; path = "orgNIZWE/Services/HapticService.swift"; sourceTree = "<group>"; };
		849AA2065BA74020AE0DA12F /* HealthKitService.swift */ = {isa = PBXFileReference; lastKnownFileType = sourcecode.swift; path = "orgNIZWE/Services/HealthKitService.swift"; sourceTree = "<group>"; };
		7F46072F254A4DB1BD9158A1 /* NotificationService.swift */ = {isa = PBXFileReference; lastKnownFileType = sourcecode.swift; path = "orgNIZWE/Services/NotificationService.swift"; sourceTree = "<group>"; };
		B8A2B90481BD42C4BA5E54D6 /* AIAssistantViewModel.swift */ = {isa = PBXFileReference; lastKnownFileType = sourcecode.swift; path = "orgNIZWE/ViewModels/AIAssistantViewModel.swift"; sourceTree = "<group>"; };
		3EB187AB13334418A1B4EB61 /* CalendarViewModel.swift */ = {isa = PBXFileReference; lastKnownFileType = sourcecode.swift; path = "orgNIZWE/ViewModels/CalendarViewModel.swift"; sourceTree = "<group>"; };
		CB9CF51602D34160A2D59B42 /* HabitsViewModel.swift */ = {isa = PBXFileReference; lastKnownFileType = sourcecode.swift; path = "orgNIZWE/ViewModels/HabitsViewModel.swift"; sourceTree = "<group>"; };
		96048E0D0C884CE0B2FBE49B /* ShoppingViewModel.swift */ = {isa = PBXFileReference; lastKnownFileType = sourcecode.swift; path = "orgNIZWE/ViewModels/ShoppingViewModel.swift"; sourceTree = "<group>"; };
		F1301FE325954C369E887422 /* TasksViewModel.swift */ = {isa = PBXFileReference; lastKnownFileType = sourcecode.swift; path = "orgNIZWE/ViewModels/TasksViewModel.swift"; sourceTree = "<group>"; };
		E36285F64A4C4837B2C46B83 /* TodayViewModel.swift */ = {isa = PBXFileReference; lastKnownFileType = sourcecode.swift; path = "orgNIZWE/ViewModels/TodayViewModel.swift"; sourceTree = "<group>"; };
		90AAD676546547F4B0A39291 /* AIAssistantView.swift */ = {isa = PBXFileReference; lastKnownFileType = sourcecode.swift; path = "orgNIZWE/Views/AI/AIAssistantView.swift"; sourceTree = "<group>"; };
		76738FC7E9A04984A197B772 /* CalendarView.swift */ = {isa = PBXFileReference; lastKnownFileType = sourcecode.swift; path = "orgNIZWE/Views/Calendar/CalendarView.swift"; sourceTree = "<group>"; };
		91A6A7C008094F9CABC0B96D /* EventEditView.swift */ = {isa = PBXFileReference; lastKnownFileType = sourcecode.swift; path = "orgNIZWE/Views/Calendar/EventEditView.swift"; sourceTree = "<group>"; };
		29CB0ED6DE20484FBA79B9BA /* QuickAddView.swift */ = {isa = PBXFileReference; lastKnownFileType = sourcecode.swift; path = "orgNIZWE/Views/Common/QuickAddView.swift"; sourceTree = "<group>"; };
		0D572C5A726E4787A2A6AB25 /* HabitEditView.swift */ = {isa = PBXFileReference; lastKnownFileType = sourcecode.swift; path = "orgNIZWE/Views/Habits/HabitEditView.swift"; sourceTree = "<group>"; };
		C5A9490A76CC49B08C13CEB1 /* HabitsView.swift */ = {isa = PBXFileReference; lastKnownFileType = sourcecode.swift; path = "orgNIZWE/Views/Habits/HabitsView.swift"; sourceTree = "<group>"; };
		7EF4F172EA524D53AB1B3D83 /* OnboardingView.swift */ = {isa = PBXFileReference; lastKnownFileType = sourcecode.swift; path = "orgNIZWE/Views/Onboarding/OnboardingView.swift"; sourceTree = "<group>"; };
		16262D67FCC74B3A82137C1A /* LifeCategoryDetailView.swift */ = {isa = PBXFileReference; lastKnownFileType = sourcecode.swift; path = "orgNIZWE/Views/Organization/LifeCategoryDetailView.swift"; sourceTree = "<group>"; };
		AED81326F5444584AD5095AA /* LifeItemEditView.swift */ = {isa = PBXFileReference; lastKnownFileType = sourcecode.swift; path = "orgNIZWE/Views/Organization/LifeItemEditView.swift"; sourceTree = "<group>"; };
		4A89EA4613D9448C8A6580A6 /* OrganizationView.swift */ = {isa = PBXFileReference; lastKnownFileType = sourcecode.swift; path = "orgNIZWE/Views/Organization/OrganizationView.swift"; sourceTree = "<group>"; };
		7B9E853A00374FB7828C92D6 /* AISettingsView.swift */ = {isa = PBXFileReference; lastKnownFileType = sourcecode.swift; path = "orgNIZWE/Views/Profile/AISettingsView.swift"; sourceTree = "<group>"; };
		FE89F86E256C4DAE94E6854E /* FavoriteCategoriesView.swift */ = {isa = PBXFileReference; lastKnownFileType = sourcecode.swift; path = "orgNIZWE/Views/Profile/FavoriteCategoriesView.swift"; sourceTree = "<group>"; };
		95A259A6694843258D470402 /* ModuleOrderView.swift */ = {isa = PBXFileReference; lastKnownFileType = sourcecode.swift; path = "orgNIZWE/Views/Profile/ModuleOrderView.swift"; sourceTree = "<group>"; };
		388E7D8085984DA2B723E259 /* ProfileView.swift */ = {isa = PBXFileReference; lastKnownFileType = sourcecode.swift; path = "orgNIZWE/Views/Profile/ProfileView.swift"; sourceTree = "<group>"; };
		A3FB5C3A06AA473DBB2D27D7 /* ShoppingListDetailView.swift */ = {isa = PBXFileReference; lastKnownFileType = sourcecode.swift; path = "orgNIZWE/Views/Shopping/ShoppingListDetailView.swift"; sourceTree = "<group>"; };
		8A09C23A4BC14FA7AE5639AF /* ShoppingListEditView.swift */ = {isa = PBXFileReference; lastKnownFileType = sourcecode.swift; path = "orgNIZWE/Views/Shopping/ShoppingListEditView.swift"; sourceTree = "<group>"; };
		7E85B2F4660F414EBC57E0E8 /* ShoppingView.swift */ = {isa = PBXFileReference; lastKnownFileType = sourcecode.swift; path = "orgNIZWE/Views/Shopping/ShoppingView.swift"; sourceTree = "<group>"; };
		8FEA8BB99CA140A481DD51F2 /* TaskEditView.swift */ = {isa = PBXFileReference; lastKnownFileType = sourcecode.swift; path = "orgNIZWE/Views/Tasks/TaskEditView.swift"; sourceTree = "<group>"; };
		9EC18E20315A4246A101F9E1 /* TasksView.swift */ = {isa = PBXFileReference; lastKnownFileType = sourcecode.swift; path = "orgNIZWE/Views/Tasks/TasksView.swift"; sourceTree = "<group>"; };
		A2753F6F6533444FA24D2464 /* NextEventSection.swift */ = {isa = PBXFileReference; lastKnownFileType = sourcecode.swift; path = "orgNIZWE/Views/Today/NextEventSection.swift"; sourceTree = "<group>"; };
		A5D062ECAD444AFFACC73C01 /* QuickActionsSection.swift */ = {isa = PBXFileReference; lastKnownFileType = sourcecode.swift; path = "orgNIZWE/Views/Today/QuickActionsSection.swift"; sourceTree = "<group>"; };
		153B0C6AC2864EB1A862D532 /* TodayHabitsSection.swift */ = {isa = PBXFileReference; lastKnownFileType = sourcecode.swift; path = "orgNIZWE/Views/Today/TodayHabitsSection.swift"; sourceTree = "<group>"; };
		657F47BD7B124BF9B074BA05 /* TodayRemindersSection.swift */ = {isa = PBXFileReference; lastKnownFileType = sourcecode.swift; path = "orgNIZWE/Views/Today/TodayRemindersSection.swift"; sourceTree = "<group>"; };
		676EADA329B245418315ECD3 /* TodayView.swift */ = {isa = PBXFileReference; lastKnownFileType = sourcecode.swift; path = "orgNIZWE/Views/Today/TodayView.swift"; sourceTree = "<group>"; };
		E731CB780C6443D6A4889823 /* TopTasksSection.swift */ = {isa = PBXFileReference; lastKnownFileType = sourcecode.swift; path = "orgNIZWE/Views/Today/TopTasksSection.swift"; sourceTree = "<group>"; };
		A3E932D5BD6D48E796CA1240 /* HabitsWidget.swift */ = {isa = PBXFileReference; lastKnownFileType = sourcecode.swift; path = "orgNIZWEWidgets/HabitsWidget.swift"; sourceTree = "<group>"; };
		966B5CC98A714E4D90E48DF9 /* NextEventWidget.swift */ = {isa = PBXFileReference; lastKnownFileType = sourcecode.swift; path = "orgNIZWEWidgets/NextEventWidget.swift"; sourceTree = "<group>"; };
		2E23ADABC73D4E97AE92EF20 /* TodayWidget.swift */ = {isa = PBXFileReference; lastKnownFileType = sourcecode.swift; path = "orgNIZWEWidgets/TodayWidget.swift"; sourceTree = "<group>"; };
		FD1D742EC2104105B66303F4 /* TopTasksWidget.swift */ = {isa = PBXFileReference; lastKnownFileType = sourcecode.swift; path = "orgNIZWEWidgets/TopTasksWidget.swift"; sourceTree = "<group>"; };
		68DB7547F85246AEA3C8DBB9 /* WidgetModels.swift */ = {isa = PBXFileReference; lastKnownFileType = sourcecode.swift; path = "orgNIZWEWidgets/WidgetModels.swift"; sourceTree = "<group>"; };
		0E488795CF264FEFAC078D71 /* WidgetProvider.swift */ = {isa = PBXFileReference; lastKnownFileType = sourcecode.swift; path = "orgNIZWEWidgets/WidgetProvider.swift"; sourceTree = "<group>"; };
		8E27F1897EB5432E94A463EE /* orgNIZWEWidgetsBundle.swift */ = {isa = PBXFileReference; lastKnownFileType = sourcecode.swift; path = "orgNIZWEWidgets/orgNIZWEWidgetsBundle.swift"; sourceTree = "<group>"; };
		FBAE592A44604E04A8E70387 /* Info.plist */ = {isa = PBXFileReference; lastKnownFileType = text.plist.xml; name = Info.plist; path = orgNIZWE/Info.plist; sourceTree = "<group>"; };
		FDDEC385BD4E4D75A39BF147 /* Assets.xcassets */ = {isa = PBXFileReference; lastKnownFileType = folder.assetcatalog; name = Assets.xcassets; path = orgNIZWE/Assets.xcassets; sourceTree = "<group>"; };
		49793BDA9A2A4D459D66E31D /* Info.plist */ = {isa = PBXFileReference; lastKnownFileType = text.plist.xml; name = Info.plist; path = orgNIZWEWidgets/Info.plist; sourceTree = "<group>"; };
		7B6FF0EB6F9144FA8459CD74 /* orgNIZWE.app */ = {isa = PBXFileReference; explicitFileType = wrapper.application; includeInIndex = 0; path = orgNIZWE.app; sourceTree = BUILT_PRODUCTS_DIR; };
		B1543A52F68A443E98C3C283 /* orgNIZWEWidgets.appex */ = {isa = PBXFileReference; explicitFileType = "wrapper.app-extension"; includeInIndex = 0; path = orgNIZWEWidgets.appex; sourceTree = BUILT_PRODUCTS_DIR; };
/* End PBXFileReference section */

/* Begin PBXFrameworksBuildPhase section */
		13C6B47F3B2C4476B6385D44 /* Frameworks */ = {
			isa = PBXFrameworksBuildPhase;
			buildActionMask = 2147483647;
			files = (
			);
			runOnlyForDeploymentPostprocessing = 0;
		};
/* End PBXFrameworksBuildPhase section */

/* Begin PBXGroup section */
		922DE43A1A414E40921D5DA2 = {
			isa = PBXGroup;
			children = (
				FBAE592A44604E04A8E70387 /* Info.plist */,
				FDDEC385BD4E4D75A39BF147 /* Assets.xcassets */,
				19AA111D66A144B3A30409D3 /* ContentView.swift */,
				0AE38ED59612497AB47853BE /* orgNIZWEApp.swift */,
				779DE514C94843AC9A8F5332 /* AddTaskIntent.swift */,
				A02E8E55EA114DF9B94F71A8 /* EventItem.swift */,
				24B0DFDC58A342D8BF77E469 /* Habit.swift */,
				3A83CCB8931442ACB897837F /* LifeItem.swift */,
				4E39D092C79C46DEB08CA7E3 /* NoteItem.swift */,
				340F85A2D5E747889D49DD15 /* ReminderItem.swift */,
				1F1061130D7C4D469E2B6CE2 /* ShoppingList.swift */,
				E883B36885244D11A982F114 /* TaskItem.swift */,
				9C51FDF26B724BEAA3E4AA0F /* UserPreferences.swift */,
				0864AA1918544E6A984EEF4B /* AIService.swift */,
				F260505D16144D04B257FDB2 /* EventKitService.swift */,
				619F20762E024FEDBF5AFFEF /* HapticService.swift */,
				849AA2065BA74020AE0DA12F /* HealthKitService.swift */,
				7F46072F254A4DB1BD9158A1 /* NotificationService.swift */,
				B8A2B90481BD42C4BA5E54D6 /* AIAssistantViewModel.swift */,
				3EB187AB13334418A1B4EB61 /* CalendarViewModel.swift */,
				CB9CF51602D34160A2D59B42 /* HabitsViewModel.swift */,
				96048E0D0C884CE0B2FBE49B /* ShoppingViewModel.swift */,
				F1301FE325954C369E887422 /* TasksViewModel.swift */,
				E36285F64A4C4837B2C46B83 /* TodayViewModel.swift */,
				90AAD676546547F4B0A39291 /* AIAssistantView.swift */,
				76738FC7E9A04984A197B772 /* CalendarView.swift */,
				91A6A7C008094F9CABC0B96D /* EventEditView.swift */,
				29CB0ED6DE20484FBA79B9BA /* QuickAddView.swift */,
				0D572C5A726E4787A2A6AB25 /* HabitEditView.swift */,
				C5A9490A76CC49B08C13CEB1 /* HabitsView.swift */,
				7EF4F172EA524D53AB1B3D83 /* OnboardingView.swift */,
				16262D67FCC74B3A82137C1A /* LifeCategoryDetailView.swift */,
				AED81326F5444584AD5095AA /* LifeItemEditView.swift */,
				4A89EA4613D9448C8A6580A6 /* OrganizationView.swift */,
				7B9E853A00374FB7828C92D6 /* AISettingsView.swift */,
				FE89F86E256C4DAE94E6854E /* FavoriteCategoriesView.swift */,
				95A259A6694843258D470402 /* ModuleOrderView.swift */,
				388E7D8085984DA2B723E259 /* ProfileView.swift */,
				A3FB5C3A06AA473DBB2D27D7 /* ShoppingListDetailView.swift */,
				8A09C23A4BC14FA7AE5639AF /* ShoppingListEditView.swift */,
				7E85B2F4660F414EBC57E0E8 /* ShoppingView.swift */,
				8FEA8BB99CA140A481DD51F2 /* TaskEditView.swift */,
				9EC18E20315A4246A101F9E1 /* TasksView.swift */,
				A2753F6F6533444FA24D2464 /* NextEventSection.swift */,
				A5D062ECAD444AFFACC73C01 /* QuickActionsSection.swift */,
				153B0C6AC2864EB1A862D532 /* TodayHabitsSection.swift */,
				657F47BD7B124BF9B074BA05 /* TodayRemindersSection.swift */,
				676EADA329B245418315ECD3 /* TodayView.swift */,
				E731CB780C6443D6A4889823 /* TopTasksSection.swift */,
				A3E932D5BD6D48E796CA1240 /* HabitsWidget.swift */,
				966B5CC98A714E4D90E48DF9 /* NextEventWidget.swift */,
				2E23ADABC73D4E97AE92EF20 /* TodayWidget.swift */,
				FD1D742EC2104105B66303F4 /* TopTasksWidget.swift */,
				68DB7547F85246AEA3C8DBB9 /* WidgetModels.swift */,
				0E488795CF264FEFAC078D71 /* WidgetProvider.swift */,
				8E27F1897EB5432E94A463EE /* orgNIZWEWidgetsBundle.swift */,
				49793BDA9A2A4D459D66E31D /* Info.plist */,
				7008929B074540F99BE67C27 /* Products */,
			);
			sourceTree = "<group>";
		};
		7008929B074540F99BE67C27 /* Products */ = {
			isa = PBXGroup;
			children = (
				7B6FF0EB6F9144FA8459CD74 /* orgNIZWE.app */,
				B1543A52F68A443E98C3C283 /* orgNIZWEWidgets.appex */,
			);
			name = Products;
			sourceTree = "<group>";
		};
/* End PBXGroup section */

/* Begin PBXNativeTarget section */
		7E78EFAB1F6D43308A5C3853 /* orgNIZWE */ = {
			isa = PBXNativeTarget;
			buildConfigurationList = F1D62560CF1D4511B93F885E /* Build configuration list for PBXNativeTarget "orgNIZWE" */;
			buildPhases = (
				33B716EEC488452A91B63059 /* Sources */,
				13C6B47F3B2C4476B6385D44 /* Frameworks */,
				A31D13DB78A64677A07FD211 /* Resources */,
			);
			buildRules = (
			);
			dependencies = (
			);
			name = orgNIZWE;
			productName = orgNIZWE;
			productReference = 7B6FF0EB6F9144FA8459CD74 /* orgNIZWE.app */;
			productType = "com.apple.product-type.application";
		};
		9A0267D2525B48CBAE95A192 /* orgNIZWEWidgets */ = {
			isa = PBXNativeTarget;
			buildConfigurationList = 2F90923F02614C4C91EEA082 /* Build configuration list for PBXNativeTarget "orgNIZWEWidgets" */;
			buildPhases = (
				5F95D95A90544F038F878201 /* Sources */,
				8737B34ABDB841BDBFB3E5FB /* Resources */,
			);
			buildRules = (
			);
			dependencies = (
			);
			name = orgNIZWEWidgets;
			productName = orgNIZWEWidgets;
			productReference = B1543A52F68A443E98C3C283 /* orgNIZWEWidgets.appex */;
			productType = "com.apple.product-type.app-extension";
		};
/* End PBXNativeTarget section */

/* Begin PBXProject section */
		6980FE034A674BFA9514760E /* Project object */ = {
			isa = PBXProject;
			buildConfigurationList = DBA303C0B03149DCB3059E69 /* Build configuration list for PBXProject "orgNIZWE" */;
			compatibilityVersion = "Xcode 15.0";
			developmentRegion = pl;
			hasScannedForEncodings = 0;
			knownRegions = (
				pl,
				Base,
			);
			mainGroup = 922DE43A1A414E40921D5DA2;
			productRefGroup = 7008929B074540F99BE67C27 /* Products */;
			projectDirPath = "";
			projectRoot = "";
			targets = (
				7E78EFAB1F6D43308A5C3853 /* orgNIZWE */,
				9A0267D2525B48CBAE95A192 /* orgNIZWEWidgets */,
			);
		};
/* End PBXProject section */

/* Begin PBXResourcesBuildPhase section */
		A31D13DB78A64677A07FD211 /* Resources */ = {
			isa = PBXResourcesBuildPhase;
			buildActionMask = 2147483647;
			files = (
				602FB7DA910341038E4F4B39 /* Assets.xcassets in Resources */,
			);
			runOnlyForDeploymentPostprocessing = 0;
		};
		8737B34ABDB841BDBFB3E5FB /* Resources */ = {
			isa = PBXResourcesBuildPhase;
			buildActionMask = 2147483647;
			files = (
			);
			runOnlyForDeploymentPostprocessing = 0;
		};
/* End PBXResourcesBuildPhase section */

/* Begin PBXSourcesBuildPhase section */
		33B716EEC488452A91B63059 /* Sources */ = {
			isa = PBXSourcesBuildPhase;
			buildActionMask = 2147483647;
			files = (
				56DBBBE55E274C8B98144B53 /* ContentView.swift in Sources */,
				F6BA34A3B8FE4A84A01BDA36 /* orgNIZWEApp.swift in Sources */,
				9020FEDCC15A4B6B86B89E20 /* AddTaskIntent.swift in Sources */,
				3EF1FF6982B74B14B3DB953F /* EventItem.swift in Sources */,
				F4BC9B66972E4653BD85238C /* Habit.swift in Sources */,
				197A49990A544643AEF2F58E /* LifeItem.swift in Sources */,
				080A2D66A8C848E2B18A5E96 /* NoteItem.swift in Sources */,
				7B5CD1382D644B2DAAD370EB /* ReminderItem.swift in Sources */,
				E3479FBFFFC7440A82C33533 /* ShoppingList.swift in Sources */,
				52EB3085033E4BE493AAC43F /* TaskItem.swift in Sources */,
				130A9938352B4B38901E4EED /* UserPreferences.swift in Sources */,
				E42360D9AA844C419626CDA5 /* AIService.swift in Sources */,
				7D471C88D8C64BA0AE908CD1 /* EventKitService.swift in Sources */,
				1988601B3B56485E8162C065 /* HapticService.swift in Sources */,
				47AB03442F964A37AD61DF5F /* HealthKitService.swift in Sources */,
				359154744ED343E298243DC5 /* NotificationService.swift in Sources */,
				B438101A4C5646AFB15A864F /* AIAssistantViewModel.swift in Sources */,
				E614B16D3E8C4E8BBAB0BC1F /* CalendarViewModel.swift in Sources */,
				84038032C156437FA3E7D895 /* HabitsViewModel.swift in Sources */,
				C686429080CE475BBE4327B9 /* ShoppingViewModel.swift in Sources */,
				A03ABF79128542E395CD89B3 /* TasksViewModel.swift in Sources */,
				192837825DEB4493B1DB843C /* TodayViewModel.swift in Sources */,
				AFD19B8C22D64B82AB5F3C79 /* AIAssistantView.swift in Sources */,
				CF1B150876684B19B188B223 /* CalendarView.swift in Sources */,
				F38EBCAE184D49FFB29400A6 /* EventEditView.swift in Sources */,
				E28373A602EA4941A225964D /* QuickAddView.swift in Sources */,
				592911D5254246FCBB378191 /* HabitEditView.swift in Sources */,
				CFAD042BA87F483989DB34A1 /* HabitsView.swift in Sources */,
				A29C331C9A904851AB3C891E /* OnboardingView.swift in Sources */,
				96C4102AF9B0474B8EFFA867 /* LifeCategoryDetailView.swift in Sources */,
				1F6F9B27BC4B4698AB0C1602 /* LifeItemEditView.swift in Sources */,
				F068F55A37534C9F91906628 /* OrganizationView.swift in Sources */,
				DBED9D0E841D4DC3AC9BEA15 /* AISettingsView.swift in Sources */,
				62538ED539B945F39299BF1D /* FavoriteCategoriesView.swift in Sources */,
				6AA3DB78EDA14405ADA321B3 /* ModuleOrderView.swift in Sources */,
				3F0CF09BF74044E7BC515208 /* ProfileView.swift in Sources */,
				29E4CA80A39D48069BD22F95 /* ShoppingListDetailView.swift in Sources */,
				A39CB489E9DF4631A46C2749 /* ShoppingListEditView.swift in Sources */,
				2602D92A1E4D4ED3AC1EB106 /* ShoppingView.swift in Sources */,
				21129A8A81A34717B9CB0308 /* TaskEditView.swift in Sources */,
				D47FFA85B444430CBDEE1C55 /* TasksView.swift in Sources */,
				AC87AC76B4B44941BA8CB930 /* NextEventSection.swift in Sources */,
				BA02B405075147A3A061F7B0 /* QuickActionsSection.swift in Sources */,
				3178C10947F34157A9D50A92 /* TodayHabitsSection.swift in Sources */,
				B48AFD8EFAD44F0EA50A9E5F /* TodayRemindersSection.swift in Sources */,
				D63F7C68FB944EEFA58F5140 /* TodayView.swift in Sources */,
				5153F70AB367465381CF2EB7 /* TopTasksSection.swift in Sources */,
			);
			runOnlyForDeploymentPostprocessing = 0;
		};
		5F95D95A90544F038F878201 /* Sources */ = {
			isa = PBXSourcesBuildPhase;
			buildActionMask = 2147483647;
			files = (
				E62DB11DECC945CF8F3BEAF3 /* HabitsWidget.swift in Sources */,
				00B6CC55CCE845D3B55013DB /* NextEventWidget.swift in Sources */,
				08C9AF389B4B4BFDB398681C /* TodayWidget.swift in Sources */,
				F7D97C9515324E7BAC1522A7 /* TopTasksWidget.swift in Sources */,
				FC20736B46244BF8A60DC503 /* WidgetModels.swift in Sources */,
				FB0E4CA0EE52448E87B4ABC4 /* WidgetProvider.swift in Sources */,
				0E9E900FE4FA4A2CAED4EE62 /* orgNIZWEWidgetsBundle.swift in Sources */,
			);
			runOnlyForDeploymentPostprocessing = 0;
		};
/* End PBXSourcesBuildPhase section */

/* Begin XCBuildConfiguration section */
		61B1D421F5EC4BE1A60916AD /* Debug */ = {
			isa = XCBuildConfiguration;
			buildSettings = {
				ALWAYS_SEARCH_USER_PATHS = NO;
				ASSETCATALOG_COMPILER_GENERATE_SWIFT_ASSET_SYMBOL_EXTENSIONS = YES;
				CLANG_ANALYZER_NONNULL = YES;
				CLANG_CXX_LANGUAGE_STANDARD = "gnu++20";
				CLANG_ENABLE_MODULES = YES;
				CLANG_ENABLE_OBJC_ARC = YES;
				CLANG_WARN_BLOCK_CAPTURE_AUTORELEASING = YES;
				CLANG_WARN_BOOL_CONVERSION = YES;
				CLANG_WARN_COMMA = YES;
				CLANG_WARN_CONSTANT_CONVERSION = YES;
				CLANG_WARN_DEPRECATED_OBJC_IMPLEMENTATIONS = YES;
				CLANG_WARN_DIRECT_OBJC_ISA_USAGE = YES_ERROR;
				CLANG_WARN_DOCUMENTATION_COMMENTS = YES;
				CLANG_WARN_EMPTY_BODY = YES;
				CLANG_WARN_ENUM_CONVERSION = YES;
				CLANG_WARN_INFINITE_RECURSION = YES;
				CLANG_WARN_INT_CONVERSION = YES;
				CLANG_WARN_NON_LITERAL_NULL_CONVERSION = YES;
				CLANG_WARN_OBJC_IMPLICIT_RETAIN_SELF = YES;
				CLANG_WARN_OBJC_LITERAL_CONVERSION = YES;
				CLANG_WARN_OBJC_ROOT_CLASS = YES_ERROR;
				CLANG_WARN_QUOTED_INCLUDE_IN_FRAMEWORK_HEADER = YES;
				CLANG_WARN_RANGE_LOOP_ANALYSIS = YES;
				CLANG_WARN_STRICT_PROTOTYPES = YES;
				CLANG_WARN_SUSPICIOUS_MOVE = YES;
				CLANG_WARN_UNGUARDED_AVAILABILITY = YES_AGGRESSIVE;
				CLANG_WARN_UNREACHABLE_CODE = YES;
				CLANG_WARN__DUPLICATE_METHOD_MATCH = YES;
				COPY_PHASE_STRIP = NO;
				DEBUG_INFORMATION_FORMAT = dwarf;
				ENABLE_STRICT_OBJC_MSGSEND = YES;
				ENABLE_TESTABILITY = YES;
				ENABLE_USER_SCRIPT_SANDBOXING = YES;
				GCC_C_LANGUAGE_STANDARD = gnu17;
				GCC_DYNAMIC_NO_PIC = NO;
				GCC_NO_COMMON_BLOCKS = YES;
				GCC_OPTIMIZATION_LEVEL = 0;
				GCC_PREPROCESSOR_DEFINITIONS = (
					"DEBUG=1",
					"$(inherited)",
				);
				GCC_WARN_64_TO_32_BIT_CONVERSION = YES;
				GCC_WARN_ABOUT_RETURN_TYPE = YES_ERROR;
				GCC_WARN_UNDECLARED_SELECTOR = YES;
				GCC_WARN_UNINITIALIZED_AUTOS = YES_AGGRESSIVE;
				GCC_WARN_UNUSED_FUNCTION = YES;
				GCC_WARN_UNUSED_VARIABLE = YES;
				IPHONEOS_DEPLOYMENT_TARGET = 17.0;
				LOCALIZATION_PREFERS_STRING_CATALOGS = YES;
				MTL_ENABLE_DEBUG_INFO = INCLUDE_SOURCE;
				MTL_FAST_MATH = YES;
				ONLY_ACTIVE_ARCH = YES;
				SDKROOT = iphoneos;
				SWIFT_ACTIVE_COMPILATION_CONDITIONS = "DEBUG $(inherited)";
				SWIFT_OPTIMIZATION_LEVEL = "-Onone";
			};
			name = Debug;
		};
		4C5150BEE1114E2FAB510AA7 /* Release */ = {
			isa = XCBuildConfiguration;
			buildSettings = {
				ALWAYS_SEARCH_USER_PATHS = NO;
				ASSETCATALOG_COMPILER_GENERATE_SWIFT_ASSET_SYMBOL_EXTENSIONS = YES;
				CLANG_ANALYZER_NONNULL = YES;
				CLANG_CXX_LANGUAGE_STANDARD = "gnu++20";
				CLANG_ENABLE_MODULES = YES;
				CLANG_ENABLE_OBJC_ARC = YES;
				CLANG_WARN_BLOCK_CAPTURE_AUTORELEASING = YES;
				CLANG_WARN_BOOL_CONVERSION = YES;
				CLANG_WARN_COMMA = YES;
				CLANG_WARN_CONSTANT_CONVERSION = YES;
				CLANG_WARN_DEPRECATED_OBJC_IMPLEMENTATIONS = YES;
				CLANG_WARN_DIRECT_OBJC_ISA_USAGE = YES_ERROR;
				CLANG_WARN_DOCUMENTATION_COMMENTS = YES;
				CLANG_WARN_EMPTY_BODY = YES;
				CLANG_WARN_ENUM_CONVERSION = YES;
				CLANG_WARN_INFINITE_RECURSION = YES;
				CLANG_WARN_INT_CONVERSION = YES;
				CLANG_WARN_NON_LITERAL_NULL_CONVERSION = YES;
				CLANG_WARN_OBJC_IMPLICIT_RETAIN_SELF = YES;
				CLANG_WARN_OBJC_LITERAL_CONVERSION = YES;
				CLANG_WARN_OBJC_ROOT_CLASS = YES_ERROR;
				CLANG_WARN_QUOTED_INCLUDE_IN_FRAMEWORK_HEADER = YES;
				CLANG_WARN_RANGE_LOOP_ANALYSIS = YES;
				CLANG_WARN_STRICT_PROTOTYPES = YES;
				CLANG_WARN_SUSPICIOUS_MOVE = YES;
				CLANG_WARN_UNGUARDED_AVAILABILITY = YES_AGGRESSIVE;
				CLANG_WARN_UNREACHABLE_CODE = YES;
				CLANG_WARN__DUPLICATE_METHOD_MATCH = YES;
				COPY_PHASE_STRIP = NO;
				DEBUG_INFORMATION_FORMAT = "dwarf-with-dsym";
				ENABLE_NS_ASSERTIONS = NO;
				ENABLE_STRICT_OBJC_MSGSEND = YES;
				ENABLE_USER_SCRIPT_SANDBOXING = YES;
				GCC_C_LANGUAGE_STANDARD = gnu17;
				GCC_NO_COMMON_BLOCKS = YES;
				GCC_WARN_64_TO_32_BIT_CONVERSION = YES;
				GCC_WARN_ABOUT_RETURN_TYPE = YES_ERROR;
				GCC_WARN_UNDECLARED_SELECTOR = YES;
				GCC_WARN_UNINITIALIZED_AUTOS = YES_AGGRESSIVE;
				GCC_WARN_UNUSED_FUNCTION = YES;
				GCC_WARN_UNUSED_VARIABLE = YES;
				IPHONEOS_DEPLOYMENT_TARGET = 17.0;
				LOCALIZATION_PREFERS_STRING_CATALOGS = YES;
				MTL_ENABLE_DEBUG_INFO = NO;
				MTL_FAST_MATH = YES;
				SDKROOT = iphoneos;
				SWIFT_COMPILATION_MODE = wholemodule;
				VALIDATE_PRODUCT = YES;
			};
			name = Release;
		};
		EF35F18E080C4CAF8917DE96 /* Debug */ = {
			isa = XCBuildConfiguration;
			buildSettings = {
				ASSETCATALOG_COMPILER_APPICON_NAME = AppIcon;
				ASSETCATALOG_COMPILER_GLOBAL_ACCENT_COLOR_NAME = AccentColor;
				CODE_SIGN_STYLE = Automatic;
				CURRENT_PROJECT_VERSION = 1;
				DEVELOPMENT_ASSET_PATHS = "";
				ENABLE_PREVIEWS = YES;
				GENERATE_INFOPLIST_FILE = NO;
				INFOPLIST_FILE = orgNIZWE/Info.plist;
				INFOPLIST_KEY_UIApplicationSceneManifest_Generation = YES;
				INFOPLIST_KEY_UIApplicationSupportsIndirectInputEvents = YES;
				INFOPLIST_KEY_UILaunchScreen_Generation = YES;
				INFOPLIST_KEY_UISupportedInterfaceOrientations_iPad = "UIInterfaceOrientationPortrait UIInterfaceOrientationPortraitUpsideDown UIInterfaceOrientationLandscapeLeft UIInterfaceOrientationLandscapeRight";
				INFOPLIST_KEY_UISupportedInterfaceOrientations_iPhone = "UIInterfaceOrientationPortrait";
				IPHONEOS_DEPLOYMENT_TARGET = 17.0;
				LD_RUNPATH_SEARCH_PATHS = (
					"$(inherited)",
					"@executable_path/Frameworks",
				);
				MARKETING_VERSION = 1.0;
				PRODUCT_BUNDLE_IDENTIFIER = com.organizer.aiorganizer;
				PRODUCT_NAME = "$(TARGET_NAME)";
				SWIFT_EMIT_LOC_STRINGS = YES;
				SWIFT_VERSION = 5.0;
				TARGETED_DEVICE_FAMILY = "1,2";
			};
			name = Debug;
		};
		D524D65B295241CDB3888C47 /* Release */ = {
			isa = XCBuildConfiguration;
			buildSettings = {
				ASSETCATALOG_COMPILER_APPICON_NAME = AppIcon;
				ASSETCATALOG_COMPILER_GLOBAL_ACCENT_COLOR_NAME = AccentColor;
				CODE_SIGN_STYLE = Automatic;
				CURRENT_PROJECT_VERSION = 1;
				DEVELOPMENT_ASSET_PATHS = "";
				ENABLE_PREVIEWS = YES;
				GENERATE_INFOPLIST_FILE = NO;
				INFOPLIST_FILE = orgNIZWE/Info.plist;
				INFOPLIST_KEY_UIApplicationSceneManifest_Generation = YES;
				INFOPLIST_KEY_UIApplicationSupportsIndirectInputEvents = YES;
				INFOPLIST_KEY_UILaunchScreen_Generation = YES;
				INFOPLIST_KEY_UISupportedInterfaceOrientations_iPad = "UIInterfaceOrientationPortrait UIInterfaceOrientationPortraitUpsideDown UIInterfaceOrientationLandscapeLeft UIInterfaceOrientationLandscapeRight";
				INFOPLIST_KEY_UISupportedInterfaceOrientations_iPhone = "UIInterfaceOrientationPortrait";
				IPHONEOS_DEPLOYMENT_TARGET = 17.0;
				LD_RUNPATH_SEARCH_PATHS = (
					"$(inherited)",
					"@executable_path/Frameworks",
				);
				MARKETING_VERSION = 1.0;
				PRODUCT_BUNDLE_IDENTIFIER = com.organizer.aiorganizer;
				PRODUCT_NAME = "$(TARGET_NAME)";
				SWIFT_EMIT_LOC_STRINGS = YES;
				SWIFT_VERSION = 5.0;
				TARGETED_DEVICE_FAMILY = "1,2";
			};
			name = Release;
		};
		8B1C255C7F09426AB4BE2BC5 /* Debug */ = {
			isa = XCBuildConfiguration;
			buildSettings = {
				CODE_SIGN_STYLE = Automatic;
				CURRENT_PROJECT_VERSION = 1;
				GENERATE_INFOPLIST_FILE = NO;
				INFOPLIST_FILE = orgNIZWEWidgets/Info.plist;
				INFOPLIST_KEY_CFBundleDisplayName = orgNIZWEWidgets;
				INFOPLIST_KEY_NSHumanReadableCopyright = "";
				IPHONEOS_DEPLOYMENT_TARGET = 17.0;
				LD_RUNPATH_SEARCH_PATHS = (
					"$(inherited)",
					"@executable_path/Frameworks",
					"@executable_path/../../Frameworks",
				);
				MARKETING_VERSION = 1.0;
				PRODUCT_BUNDLE_IDENTIFIER = com.organizer.aiorganizer.widgets;
				PRODUCT_NAME = "$(TARGET_NAME)";
				SKIP_INSTALL = YES;
				SWIFT_EMIT_LOC_STRINGS = YES;
				SWIFT_VERSION = 5.0;
				TARGETED_DEVICE_FAMILY = "1,2";
			};
			name = Debug;
		};
		59E9064A063C4AC78F258FFD /* Release */ = {
			isa = XCBuildConfiguration;
			buildSettings = {
				CODE_SIGN_STYLE = Automatic;
				CURRENT_PROJECT_VERSION = 1;
				GENERATE_INFOPLIST_FILE = NO;
				INFOPLIST_FILE = orgNIZWEWidgets/Info.plist;
				INFOPLIST_KEY_CFBundleDisplayName = orgNIZWEWidgets;
				INFOPLIST_KEY_NSHumanReadableCopyright = "";
				IPHONEOS_DEPLOYMENT_TARGET = 17.0;
				LD_RUNPATH_SEARCH_PATHS = (
					"$(inherited)",
					"@executable_path/Frameworks",
					"@executable_path/../../Frameworks",
				);
				MARKETING_VERSION = 1.0;
				PRODUCT_BUNDLE_IDENTIFIER = com.organizer.aiorganizer.widgets;
				PRODUCT_NAME = "$(TARGET_NAME)";
				SKIP_INSTALL = YES;
				SWIFT_EMIT_LOC_STRINGS = YES;
				SWIFT_VERSION = 5.0;
				TARGETED_DEVICE_FAMILY = "1,2";
			};
			name = Release;
		};
/* End XCBuildConfiguration section */

/* Begin XCConfigurationList section */
		DBA303C0B03149DCB3059E69 /* Build configuration list for PBXProject "orgNIZWE" */ = {
			isa = XCConfigurationList;
			buildConfigurations = (
				61B1D421F5EC4BE1A60916AD /* Debug */,
				4C5150BEE1114E2FAB510AA7 /* Release */,
			);
			defaultConfigurationIsVisible = 0;
			defaultConfigurationName = Release;
		};
		F1D62560CF1D4511B93F885E /* Build configuration list for PBXNativeTarget "orgNIZWE" */ = {
			isa = XCConfigurationList;
			buildConfigurations = (
				EF35F18E080C4CAF8917DE96 /* Debug */,
				D524D65B295241CDB3888C47 /* Release */,
			);
			defaultConfigurationIsVisible = 0;
			defaultConfigurationName = Release;
		};
		2F90923F02614C4C91EEA082 /* Build configuration list for PBXNativeTarget "orgNIZWEWidgets" */ = {
			isa = XCConfigurationList;
			buildConfigurations = (
				8B1C255C7F09426AB4BE2BC5 /* Debug */,
				59E9064A063C4AC78F258FFD /* Release */,
			);
			defaultConfigurationIsVisible = 0;
			defaultConfigurationName = Release;
		};
/* End XCConfigurationList section */
	};
	rootObject = 6980FE034A674BFA9514760E /* Project object */;
}
